// !$*UTF8*$!
{
	archiveVersion = 1;
	classes = {
	};
	objectVersion = 50;
	objects = {

/* Begin PBXBuildFile section */
		CCF36C3F2583CA170069311A /* CoreTreeApp.swift in Sources */ = {isa = PBXBuildFile; fileRef = CCF36C3E2583CA170069311A /* CoreTreeApp.swift */; };
		CCF36C412583CA170069311A /* ContentView.swift in Sources */ = {isa = PBXBuildFile; fileRef = CCF36C402583CA170069311A /* ContentView.swift */; };
		CCF36C432583CA190069311A /* Assets.xcassets in Resources */ = {isa = PBXBuildFile; fileRef = CCF36C422583CA190069311A /* Assets.xcassets */; };
		CCF36C462583CA190069311A /* Preview Assets.xcassets in Resources */ = {isa = PBXBuildFile; fileRef = CCF36C452583CA190069311A /* Preview Assets.xcassets */; };
		CCF36C512583CA190069311A /* CoreTreeTests.swift in Sources */ = {isa = PBXBuildFile; fileRef = CCF36C502583CA190069311A /* CoreTreeTests.swift */; };
		CCF36C5C2583CA190069311A /* CoreTreeUITests.swift in Sources */ = {isa = PBXBuildFile; fileRef = CCF36C5B2583CA190069311A /* CoreTreeUITests.swift */; };
/* End PBXBuildFile section */

/* Begin PBXContainerItemProxy section */
		CCF36C4D2583CA190069311A /* PBXContainerItemProxy */ = {
			isa = PBXContainerItemProxy;
			containerPortal = CCF36C332583CA160069311A /* Project object */;
			proxyType = 1;
			remoteGlobalIDString = CCF36C3A2583CA170069311A;
			remoteInfo = CoreTree;
		};
		CCF36C582583CA190069311A /* PBXContainerItemProxy */ = {
			isa = PBXContainerItemProxy;
			containerPortal = CCF36C332583CA160069311A /* Project object */;
			proxyType = 1;
			remoteGlobalIDString = CCF36C3A2583CA170069311A;
			remoteInfo = CoreTree;
		};
/* End PBXContainerItemProxy section */

/* Begin PBXFileReference section */
		CCF36C3B2583CA170069311A /* CoreTree.app */ = {isa = PBXFileReference; explicitFileType = wrapper.application; includeInIndex = 0; path = CoreTree.app; sourceTree = BUILT_PRODUCTS_DIR; };
		CCF36C3E2583CA170069311A /* CoreTreeApp.swift */ = {isa = PBXFileReference; lastKnownFileType = sourcecode.swift; path = CoreTreeApp.swift; sourceTree = "<group>"; };
		CCF36C402583CA170069311A /* ContentView.swift */ = {isa = PBXFileReference; lastKnownFileType = sourcecode.swift; path = ContentView.swift; sourceTree = "<group>"; };
		CCF36C422583CA190069311A /* Assets.xcassets */ = {isa = PBXFileReference; lastKnownFileType = folder.assetcatalog; path = Assets.xcassets; sourceTree = "<group>"; };
		CCF36C452583CA190069311A /* Preview Assets.xcassets */ = {isa = PBXFileReference; lastKnownFileType = folder.assetcatalog; path = "Preview Assets.xcassets"; sourceTree = "<group>"; };
		CCF36C472583CA190069311A /* Info.plist */ = {isa = PBXFileReference; lastKnownFileType = text.plist.xml; path = Info.plist; sourceTree = "<group>"; };
		CCF36C4C2583CA190069311A /* CoreTreeTests.xctest */ = {isa = PBXFileReference; explicitFileType = wrapper.cfbundle; includeInIndex = 0; path = CoreTreeTests.xctest; sourceTree = BUILT_PRODUCTS_DIR; };
		CCF36C502583CA190069311A /* CoreTreeTests.swift */ = {isa = PBXFileReference; lastKnownFileType = sourcecode.swift; path = CoreTreeTests.swift; sourceTree = "<group>"; };
		CCF36C522583CA190069311A /* Info.plist */ = {isa = PBXFileReference; lastKnownFileType = text.plist.xml; path = Info.plist; sourceTree = "<group>"; };
		CCF36C572583CA190069311A /* CoreTreeUITests.xctest */ = {isa = PBXFileReference; explicitFileType = wrapper.cfbundle; includeInIndex = 0; path = CoreTreeUITests.xctest; sourceTree = BUILT_PRODUCTS_DIR; };
		CCF36C5B2583CA190069311A /* CoreTreeUITests.swift */ = {isa = PBXFileReference; lastKnownFileType = sourcecode.swift; path = CoreTreeUITests.swift; sourceTree = "<group>"; };
		CCF36C5D2583CA190069311A /* Info.plist */ = {isa = PBXFileReference; lastKnownFileType = text.plist.xml; path = Info.plist; sourceTree = "<group>"; };
/* End PBXFileReference section */

/* Begin PBXFrameworksBuildPhase section */
		CCF36C382583CA170069311A /* Frameworks */ = {
			isa = PBXFrameworksBuildPhase;
			buildActionMask = 2147483647;
			files = (
			);
			runOnlyForDeploymentPostprocessing = 0;
		};
		CCF36C492583CA190069311A /* Frameworks */ = {
			isa = PBXFrameworksBuildPhase;
			buildActionMask = 2147483647;
			files = (
			);
			runOnlyForDeploymentPostprocessing = 0;
		};
		CCF36C542583CA190069311A /* Frameworks */ = {
			isa = PBXFrameworksBuildPhase;
			buildActionMask = 2147483647;
			files = (
			);
			runOnlyForDeploymentPostprocessing = 0;
		};
/* End PBXFrameworksBuildPhase section */

/* Begin PBXGroup section */
		CCF36C322583CA160069311A = {
			isa = PBXGroup;
			children = (
				CCF36C3D2583CA170069311A /* CoreTree */,
				CCF36C4F2583CA190069311A /* CoreTreeTests */,
				CCF36C5A2583CA190069311A /* CoreTreeUITests */,
				CCF36C3C2583CA170069311A /* Products */,
			);
			sourceTree = "<group>";
		};
		CCF36C3C2583CA170069311A /* Products */ = {
			isa = PBXGroup;
			children = (
				CCF36C3B2583CA170069311A /* CoreTree.app */,
				CCF36C4C2583CA190069311A /* CoreTreeTests.xctest */,
				CCF36C572583CA190069311A /* CoreTreeUITests.xctest */,
			);
			name = Products;
			sourceTree = "<group>";
		};
		CCF36C3D2583CA170069311A /* CoreTree */ = {
			isa = PBXGroup;
			children = (
				CCF36C3E2583CA170069311A /* CoreTreeApp.swift */,
				CCF36C402583CA170069311A /* ContentView.swift */,
				CCF36C422583CA190069311A /* Assets.xcassets */,
				CCF36C472583CA190069311A /* Info.plist */,
				CCF36C442583CA190069311A /* Preview Content */,
			);
			path = CoreTree;
			sourceTree = "<group>";
		};
		CCF36C442583CA190069311A /* Preview Content */ = {
			isa = PBXGroup;
			children = (
				CCF36C452583CA190069311A /* Preview Assets.xcassets */,
			);
			path = "Preview Content";
			sourceTree = "<group>";
		};
		CCF36C4F2583CA190069311A /* CoreTreeTests */ = {
			isa = PBXGroup;
			children = (
				CCF36C502583CA190069311A /* CoreTreeTests.swift */,
				CCF36C522583CA190069311A /* Info.plist */,
			);
			path = CoreTreeTests;
			sourceTree = "<group>";
		};
		CCF36C5A2583CA190069311A /* CoreTreeUITests */ = {
			isa = PBXGroup;
			children = (
				CCF36C5B2583CA190069311A /* CoreTreeUITests.swift */,
				CCF36C5D2583CA190069311A /* Info.plist */,
			);
			path = CoreTreeUITests;
			sourceTree = "<group>";
		};
/* End PBXGroup section */

/* Begin PBXNativeTarget section */
		CCF36C3A2583CA170069311A /* CoreTree */ = {
			isa = PBXNativeTarget;
			buildConfigurationList = CCF36C602583CA190069311A /* Build configuration list for PBXNativeTarget "CoreTree" */;
			buildPhases = (
				CCF36C372583CA170069311A /* Sources */,
				CCF36C382583CA170069311A /* Frameworks */,
				CCF36C392583CA170069311A /* Resources */,
			);
			buildRules = (
			);
			dependencies = (
			);
			name = CoreTree;
			productName = CoreTree;
			productReference = CCF36C3B2583CA170069311A /* CoreTree.app */;
			productType = "com.apple.product-type.application";
		};
		CCF36C4B2583CA190069311A /* CoreTreeTests */ = {
			isa = PBXNativeTarget;
			buildConfigurationList = CCF36C632583CA190069311A /* Build configuration list for PBXNativeTarget "CoreTreeTests" */;
			buildPhases = (
				CCF36C482583CA190069311A /* Sources */,
				CCF36C492583CA190069311A /* Frameworks */,
				CCF36C4A2583CA190069311A /* Resources */,
			);
			buildRules = (
			);
			dependencies = (
				CCF36C4E2583CA190069311A /* PBXTargetDependency */,
			);
			name = CoreTreeTests;
			productName = CoreTreeTests;
			productReference = CCF36C4C2583CA190069311A /* CoreTreeTests.xctest */;
			productType = "com.apple.product-type.bundle.unit-test";
		};
		CCF36C562583CA190069311A /* CoreTreeUITests */ = {
			isa = PBXNativeTarget;
			buildConfigurationList = CCF36C662583CA190069311A /* Build configuration list for PBXNativeTarget "CoreTreeUITests" */;
			buildPhases = (
				CCF36C532583CA190069311A /* Sources */,
				CCF36C542583CA190069311A /* Frameworks */,
				CCF36C552583CA190069311A /* Resources */,
			);
			buildRules = (
			);
			dependencies = (
				CCF36C592583CA190069311A /* PBXTargetDependency */,
			);
			name = CoreTreeUITests;
			productName = CoreTreeUITests;
			productReference = CCF36C572583CA190069311A /* CoreTreeUITests.xctest */;
			productType = "com.apple.product-type.bundle.ui-testing";
		};
/* End PBXNativeTarget section */

/* Begin PBXProject section */
		CCF36C332583CA160069311A /* Project object */ = {
			isa = PBXProject;
			attributes = {
				LastSwiftUpdateCheck = 1220;
				LastUpgradeCheck = 1220;
				TargetAttributes = {
					CCF36C3A2583CA170069311A = {
						CreatedOnToolsVersion = 12.2;
					};
					CCF36C4B2583CA190069311A = {
						CreatedOnToolsVersion = 12.2;
						TestTargetID = CCF36C3A2583CA170069311A;
					};
					CCF36C562583CA190069311A = {
						CreatedOnToolsVersion = 12.2;
						TestTargetID = CCF36C3A2583CA170069311A;
					};
				};
			};
			buildConfigurationList = CCF36C362583CA160069311A /* Build configuration list for PBXProject "CoreTree" */;
			compatibilityVersion = "Xcode 9.3";
			developmentRegion = en;
			hasScannedForEncodings = 0;
			knownRegions = (
				en,
				Base,
			);
			mainGroup = CCF36C322583CA160069311A;
			productRefGroup = CCF36C3C2583CA170069311A /* Products */;
			projectDirPath = "";
			projectRoot = "";
			targets = (
				CCF36C3A2583CA170069311A /* CoreTree */,
				CCF36C4B2583CA190069311A /* CoreTreeTests */,
				CCF36C562583CA190069311A /* CoreTreeUITests */,
			);
		};
/* End PBXProject section */

/* Begin PBXResourcesBuildPhase section */
		CCF36C392583CA170069311A /* Resources */ = {
			isa = PBXResourcesBuildPhase;
			buildActionMask = 2147483647;
			files = (
				CCF36C462583CA190069311A /* Preview Assets.xcassets in Resources */,
				CCF36C432583CA190069311A /* Assets.xcassets in Resources */,
			);
			runOnlyForDeploymentPostprocessing = 0;
		};
		CCF36C4A2583CA190069311A /* Resources */ = {
			isa = PBXResourcesBuildPhase;
			buildActionMask = 2147483647;
			files = (
			);
			runOnlyForDeploymentPostprocessing = 0;
		};
		CCF36C552583CA190069311A /* Resources */ = {
			isa = PBXResourcesBuildPhase;
			buildActionMask = 2147483647;
			files = (
			);
			runOnlyForDeploymentPostprocessing = 0;
		};
/* End PBXResourcesBuildPhase section */

/* Begin PBXSourcesBuildPhase section */
		CCF36C372583CA170069311A /* Sources */ = {
			isa = PBXSourcesBuildPhase;
			buildActionMask = 2147483647;
			files = (
				CCF36C412583CA170069311A /* ContentView.swift in Sources */,
				CCF36C3F2583CA170069311A /* CoreTreeApp.swift in Sources */,
			);
			runOnlyForDeploymentPostprocessing = 0;
		};
		CCF36C482583CA190069311A /* Sources */ = {
			isa = PBXSourcesBuildPhase;
			buildActionMask = 2147483647;
			files = (
				CCF36C512583CA190069311A /* CoreTreeTests.swift in Sources */,
			);
			runOnlyForDeploymentPostprocessing = 0;
		};
		CCF36C532583CA190069311A /* Sources */ = {
			isa = PBXSourcesBuildPhase;
			buildActionMask = 2147483647;
			files = (
				CCF36C5C2583CA190069311A /* CoreTreeUITests.swift in Sources */,
			);
			runOnlyForDeploymentPostprocessing = 0;
		};
/* End PBXSourcesBuildPhase section */

/* Begin PBXTargetDependency section */
		CCF36C4E2583CA190069311A /* PBXTargetDependency */ = {
			isa = PBXTargetDependency;
			target = CCF36C3A2583CA170069311A /* CoreTree */;
			targetProxy = CCF36C4D2583CA190069311A /* PBXContainerItemProxy */;
		};
		CCF36C592583CA190069311A /* PBXTargetDependency */ = {
			isa = PBXTargetDependency;
			target = CCF36C3A2583CA170069311A /* CoreTree */;
			targetProxy = CCF36C582583CA190069311A /* PBXContainerItemProxy */;
		};
/* End PBXTargetDependency section */

/* Begin XCBuildConfiguration section */
		CCF36C5E2583CA190069311A /* Debug */ = {
			isa = XCBuildConfiguration;
			buildSettings = {
				ALWAYS_SEARCH_USER_PATHS = NO;
				CLANG_ANALYZER_NONNULL = YES;
				CLANG_ANALYZER_NUMBER_OBJECT_CONVERSION = YES_AGGRESSIVE;
				CLANG_CXX_LANGUAGE_STANDARD = "gnu++14";
				CLANG_CXX_LIBRARY = "libc++";
				CLANG_ENABLE_MODULES = YES;
				CLANG_ENABLE_OBJC_ARC = YES;
				CLANG_ENABLE_OBJC_WEAK = YES;
				CLANG_WARN_BLOCK_CAPTURE_AUTORELEASING = YES;
				CLANG_WARN_BOOL_CONVERSION = YES;
				CLANG_WARN_COMMA = YES;
				CLANG_WARN_CONSTANT_CONVERSION = YES;
				CLANG_WARN_DEPRECATED_OBJC_IMPLEMENTATIONS = YES;
				CLANG_WARN_DIRECT_OBJC_ISA_USAGE = YES_ERROR;
				CLANG_WARN_DOCUMENTATION_COMMENTS = YES;
				CLANG_WARN_EMPTY_BODY = YES;
				CLANG_WARN_ENUM_CONVERSION = YES;
				CLANG_WARN_INFINITE_RECURSION = YES;
				CLANG_WARN_INT_CONVERSION = YES;
				CLANG_WARN_NON_LITERAL_NULL_CONVERSION = YES;
				CLANG_WARN_OBJC_IMPLICIT_RETAIN_SELF = YES;
				CLANG_WARN_OBJC_LITERAL_CONVERSION = YES;
				CLANG_WARN_OBJC_ROOT_CLASS = YES_ERROR;
				CLANG_WARN_QUOTED_INCLUDE_IN_FRAMEWORK_HEADER = YES;
				CLANG_WARN_RANGE_LOOP_ANALYSIS = YES;
				CLANG_WARN_STRICT_PROTOTYPES = YES;
				CLANG_WARN_SUSPICIOUS_MOVE = YES;
				CLANG_WARN_UNGUARDED_AVAILABILITY = YES_AGGRESSIVE;
				CLANG_WARN_UNREACHABLE_CODE = YES;
				CLANG_WARN__DUPLICATE_METHOD_MATCH = YES;
				COPY_PHASE_STRIP = NO;
				DEBUG_INFORMATION_FORMAT = dwarf;
				ENABLE_STRICT_OBJC_MSGSEND = YES;
				ENABLE_TESTABILITY = YES;
				GCC_C_LANGUAGE_STANDARD = gnu11;
				GCC_DYNAMIC_NO_PIC = NO;
				GCC_NO_COMMON_BLOCKS = YES;
				GCC_OPTIMIZATION_LEVEL = 0;
				GCC_PREPROCESSOR_DEFINITIONS = (
					"DEBUG=1",
					"$(inherited)",
				);
				GCC_WARN_64_TO_32_BIT_CONVERSION = YES;
				GCC_WARN_ABOUT_RETURN_TYPE = YES_ERROR;
				GCC_WARN_UNDECLARED_SELECTOR = YES;
				GCC_WARN_UNINITIALIZED_AUTOS = YES_AGGRESSIVE;
				GCC_WARN_UNUSED_FUNCTION = YES;
				GCC_WARN_UNUSED_VARIABLE = YES;
				IPHONEOS_DEPLOYMENT_TARGET = 14.2;
				MTL_ENABLE_DEBUG_INFO = INCLUDE_SOURCE;
				MTL_FAST_MATH = YES;
				ONLY_ACTIVE_ARCH = YES;
				SDKROOT = iphoneos;
				SWIFT_ACTIVE_COMPILATION_CONDITIONS = DEBUG;
				SWIFT_OPTIMIZATION_LEVEL = "-Onone";
			};
			name = Debug;
		};
		CCF36C5F2583CA190069311A /* Release */ = {
			isa = XCBuildConfiguration;
			buildSettings = {
				ALWAYS_SEARCH_USER_PATHS = NO;
				CLANG_ANALYZER_NONNULL = YES;
				CLANG_ANALYZER_NUMBER_OBJECT_CONVERSION = YES_AGGRESSIVE;
				CLANG_CXX_LANGUAGE_STANDARD = "gnu++14";
				CLANG_CXX_LIBRARY = "libc++";
				CLANG_ENABLE_MODULES = YES;
				CLANG_ENABLE_OBJC_ARC = YES;
				CLANG_ENABLE_OBJC_WEAK = YES;
				CLANG_WARN_BLOCK_CAPTURE_AUTORELEASING = YES;
				CLANG_WARN_BOOL_CONVERSION = YES;
				CLANG_WARN_COMMA = YES;
				CLANG_WARN_CONSTANT_CONVERSION = YES;
				CLANG_WARN_DEPRECATED_OBJC_IMPLEMENTATIONS = YES;
				CLANG_WARN_DIRECT_OBJC_ISA_USAGE = YES_ERROR;
				CLANG_WARN_DOCUMENTATION_COMMENTS = YES;
				CLANG_WARN_EMPTY_BODY = YES;
				CLANG_WARN_ENUM_CONVERSION = YES;
				CLANG_WARN_INFINITE_RECURSION = YES;
				CLANG_WARN_INT_CONVERSION = YES;
				CLANG_WARN_NON_LITERAL_NULL_CONVERSION = YES;
				CLANG_WARN_OBJC_IMPLICIT_RETAIN_SELF = YES;
				CLANG_WARN_OBJC_LITERAL_CONVERSION = YES;
				CLANG_WARN_OBJC_ROOT_CLASS = YES_ERROR;
				CLANG_WARN_QUOTED_INCLUDE_IN_FRAMEWORK_HEADER = YES;
				CLANG_WARN_RANGE_LOOP_ANALYSIS = YES;
				CLANG_WARN_STRICT_PROTOTYPES = YES;
				CLANG_WARN_SUSPICIOUS_MOVE = YES;
				CLANG_WARN_UNGUARDED_AVAILABILITY = YES_AGGRESSIVE;
				CLANG_WARN_UNREACHABLE_CODE = YES;
				CLANG_WARN__DUPLICATE_METHOD_MATCH = YES;
				COPY_PHASE_STRIP = NO;
				DEBUG_INFORMATION_FORMAT = "dwarf-with-dsym";
				ENABLE_NS_ASSERTIONS = NO;
				ENABLE_STRICT_OBJC_MSGSEND = YES;
				GCC_C_LANGUAGE_STANDARD = gnu11;
				GCC_NO_COMMON_BLOCKS = YES;
				GCC_WARN_64_TO_32_BIT_CONVERSION = YES;
				GCC_WARN_ABOUT_RETURN_TYPE = YES_ERROR;
				GCC_WARN_UNDECLARED_SELECTOR = YES;
				GCC_WARN_UNINITIALIZED_AUTOS = YES_AGGRESSIVE;
				GCC_WARN_UNUSED_FUNCTION = YES;
				GCC_WARN_UNUSED_VARIABLE = YES;
				IPHONEOS_DEPLOYMENT_TARGET = 14.2;
				MTL_ENABLE_DEBUG_INFO = NO;
				MTL_FAST_MATH = YES;
				SDKROOT = iphoneos;
				SWIFT_COMPILATION_MODE = wholemodule;
				SWIFT_OPTIMIZATION_LEVEL = "-O";
				VALIDATE_PRODUCT = YES;
			};
			name = Release;
		};
		CCF36C612583CA190069311A /* Debug */ = {
			isa = XCBuildConfiguration;
			buildSettings = {
				ASSETCATALOG_COMPILER_APPICON_NAME = AppIcon;
				ASSETCATALOG_COMPILER_GLOBAL_ACCENT_COLOR_NAME = AccentColor;
				CODE_SIGN_STYLE = Automatic;
				DEVELOPMENT_ASSET_PATHS = "\"CoreTree/Preview Content\"";
				DEVELOPMENT_TEAM = 2FYTR3E5Q9;
				ENABLE_PREVIEWS = YES;
				INFOPLIST_FILE = CoreTree/Info.plist;
				IPHONEOS_DEPLOYMENT_TARGET = 14.0;
				LD_RUNPATH_SEARCH_PATHS = (
					"$(inherited)",
					"@executable_path/Frameworks",
				);
				PRODUCT_BUNDLE_IDENTIFIER = com.ivandosev.CoreTree;
				PRODUCT_NAME = "$(TARGET_NAME)";
				SWIFT_VERSION = 5.0;
				TARGETED_DEVICE_FAMILY = "1,2";
			};
			name = Debug;
		};
		CCF36C622583CA190069311A /* Release */ = {
			isa = XCBuildConfiguration;
			buildSettings = {
				ASSETCATALOG_COMPILER_APPICON_NAME = AppIcon;
				ASSETCATALOG_COMPILER_GLOBAL_ACCENT_COLOR_NAME = AccentColor;
				CODE_SIGN_STYLE = Automatic;
				DEVELOPMENT_ASSET_PATHS = "\"CoreTree/Preview Content\"";
				DEVELOPMENT_TEAM = 2FYTR3E5Q9;
				ENABLE_PREVIEWS = YES;
				INFOPLIST_FILE = CoreTree/Info.plist;
				IPHONEOS_DEPLOYMENT_TARGET = 14.0;
				LD_RUNPATH_SEARCH_PATHS = (
					"$(inherited)",
					"@executable_path/Frameworks",
				);
				PRODUCT_BUNDLE_IDENTIFIER = com.ivandosev.CoreTree;
				PRODUCT_NAME = "$(TARGET_NAME)";
				SWIFT_VERSION = 5.0;
				TARGETED_DEVICE_FAMILY = "1,2";
			};
			name = Release;
		};
		CCF36C642583CA190069311A /* Debug */ = {
			isa = XCBuildConfiguration;
			buildSettings = {
				ALWAYS_EMBED_SWIFT_STANDARD_LIBRARIES = YES;
				BUNDLE_LOADER = "$(TEST_HOST)";
				CODE_SIGN_STYLE = Automatic;
				DEVELOPMENT_TEAM = 2FYTR3E5Q9;
				INFOPLIST_FILE = CoreTreeTests/Info.plist;
				IPHONEOS_DEPLOYMENT_TARGET = 14.0;
				LD_RUNPATH_SEARCH_PATHS = (
					"$(inherited)",
					"@executable_path/Frameworks",
					"@loader_path/Frameworks",
				);
				PRODUCT_BUNDLE_IDENTIFIER = com.ivandosev.CoreTreeTests;
				PRODUCT_NAME = "$(TARGET_NAME)";
				SWIFT_VERSION = 5.0;
				TARGETED_DEVICE_FAMILY = "1,2";
				TEST_HOST = "$(BUILT_PRODUCTS_DIR)/CoreTree.app/CoreTree";
			};
			name = Debug;
		};
		CCF36C652583CA190069311A /* Release */ = {
			isa = XCBuildConfiguration;
			buildSettings = {
				ALWAYS_EMBED_SWIFT_STANDARD_LIBRARIES = YES;
				BUNDLE_LOADER = "$(TEST_HOST)";
				CODE_SIGN_STYLE = Automatic;
				DEVELOPMENT_TEAM = 2FYTR3E5Q9;
				INFOPLIST_FILE = CoreTreeTests/Info.plist;
				IPHONEOS_DEPLOYMENT_TARGET = 14.0;
				LD_RUNPATH_SEARCH_PATHS = (
					"$(inherited)",
					"@executable_path/Frameworks",
					"@loader_path/Frameworks",
				);
				PRODUCT_BUNDLE_IDENTIFIER = com.ivandosev.CoreTreeTests;
				PRODUCT_NAME = "$(TARGET_NAME)";
				SWIFT_VERSION = 5.0;
				TARGETED_DEVICE_FAMILY = "1,2";
				TEST_HOST = "$(BUILT_PRODUCTS_DIR)/CoreTree.app/CoreTree";
			};
			name = Release;
		};
		CCF36C672583CA190069311A /* Debug */ = {
			isa = XCBuildConfiguration;
			buildSettings = {
				ALWAYS_EMBED_SWIFT_STANDARD_LIBRARIES = YES;
				CODE_SIGN_STYLE = Automatic;
				DEVELOPMENT_TEAM = 2FYTR3E5Q9;
				INFOPLIST_FILE = CoreTreeUITests/Info.plist;
				LD_RUNPATH_SEARCH_PATHS = (
					"$(inherited)",
					"@executable_path/Frameworks",
					"@loader_path/Frameworks",
				);
				PRODUCT_BUNDLE_IDENTIFIER = com.ivandosev.CoreTreeUITests;
				PRODUCT_NAME = "$(TARGET_NAME)";
				SWIFT_VERSION = 5.0;
				TARGETED_DEVICE_FAMILY = "1,2";
				TEST_TARGET_NAME = CoreTree;
			};
			name = Debug;
		};
		CCF36C682583CA190069311A /* Release */ = {
			isa = XCBuildConfiguration;
			buildSettings = {
				ALWAYS_EMBED_SWIFT_STANDARD_LIBRARIES = YES;
				CODE_SIGN_STYLE = Automatic;
				DEVELOPMENT_TEAM = 2FYTR3E5Q9;
				INFOPLIST_FILE = CoreTreeUITests/Info.plist;
				LD_RUNPATH_SEARCH_PATHS = (
					"$(inherited)",
					"@executable_path/Frameworks",
					"@loader_path/Frameworks",
				);
				PRODUCT_BUNDLE_IDENTIFIER = com.ivandosev.CoreTreeUITests;
				PRODUCT_NAME = "$(TARGET_NAME)";
				SWIFT_VERSION = 5.0;
				TARGETED_DEVICE_FAMILY = "1,2";
				TEST_TARGET_NAME = CoreTree;
			};
			name = Release;
		};
/* End XCBuildConfiguration section */

/* Begin XCConfigurationList section */
		CCF36C362583CA160069311A /* Build configuration list for PBXProject "CoreTree" */ = {
			isa = XCConfigurationList;
			buildConfigurations = (
				CCF36C5E2583CA190069311A /* Debug */,
				CCF36C5F2583CA190069311A /* Release */,
			);
			defaultConfigurationIsVisible = 0;
			defaultConfigurationName = Release;
		};
		CCF36C602583CA190069311A /* Build configuration list for PBXNativeTarget "CoreTree" */ = {
			isa = XCConfigurationList;
			buildConfigurations = (
				CCF36C612583CA190069311A /* Debug */,
				CCF36C622583CA190069311A /* Release */,
			);
			defaultConfigurationIsVisible = 0;
			defaultConfigurationName = Release;
		};
		CCF36C632583CA190069311A /* Build configuration list for PBXNativeTarget "CoreTreeTests" */ = {
			isa = XCConfigurationList;
			buildConfigurations = (
				CCF36C642583CA190069311A /* Debug */,
				CCF36C652583CA190069311A /* Release */,
			);
			defaultConfigurationIsVisible = 0;
			defaultConfigurationName = Release;
		};
		CCF36C662583CA190069311A /* Build configuration list for PBXNativeTarget "CoreTreeUITests" */ = {
			isa = XCConfigurationList;
			buildConfigurations = (
				CCF36C672583CA190069311A /* Debug */,
				CCF36C682583CA190069311A /* Release */,
			);
			defaultConfigurationIsVisible = 0;
			defaultConfigurationName = Release;
		};
/* End XCConfigurationList section */
	};
	rootObject = CCF36C332583CA160069311A /* Project object */;
}
