// !$*UTF8*$!
{
	archiveVersion = 1;
	classes = {
	};
	objectVersion = 50;
	objects = {

/* Begin PBXBuildFile section */
		CCF36C3F2583CA170069311A /* CoreTreeApp.swift in Sources */ = {isa = PBXBuildFile; fileRef = CCF36C3E2583CA170069311A /* CoreTreeApp.swift */; };
		CCF36C412583CA170069311A /* ContentView.swift in Sources */ = {isa = PBXBuildFile; fileRef = CCF36C402583CA170069311A /* ContentView.swift */; };
		CCF36C432583CA190069311A /* Assets.xcassets in Resources */ = {isa = PBXBuildFile; fileRef = CCF36C422583CA190069311A /* Assets.xcassets */; };
		CCF36C462583CA190069311A /* Preview Assets.xcassets in Resources */ = {isa = PBXBuildFile; fileRef = CCF36C452583CA190069311A /* Preview Assets.xcassets */; };
		CCF36C512583CA190069311A /* CoreTreeTests.swift in Sources */ = {isa = PBXBuildFile; fileRef = CCF36C502583CA190069311A /* CoreTreeTests.swift */; };
		CCF36C5C2583CA190069311A /* CoreTreeUITests.swift in Sources */ = {isa = PBXBuildFile; fileRef = CCF36C5B2583CA190069311A /* CoreTreeUITests.swift */; };
		CCF36CD92583CC390069311A /* ScreenFrame.swift in Sources */ = {isa = PBXBuildFile; fileRef = CCF36CD82583CC390069311A /* ScreenFrame.swift */; };
		CCF36CDA2583CC390069311A /* ScreenFrame.swift in Sources */ = {isa = PBXBuildFile; fileRef = CCF36CD82583CC390069311A /* ScreenFrame.swift */; };
		CCF36CDB2583CC390069311A /* ScreenFrame.swift in Sources */ = {isa = PBXBuildFile; fileRef = CCF36CD82583CC390069311A /* ScreenFrame.swift */; };
		CCF36CE72583CE250069311A /* Timeline_PNG1.swift in Sources */ = {isa = PBXBuildFile; fileRef = CCF36CE42583CE250069311A /* Timeline_PNG1.swift */; };
		CCF36CE82583CE250069311A /* Timeline_PNG1.swift in Sources */ = {isa = PBXBuildFile; fileRef = CCF36CE42583CE250069311A /* Timeline_PNG1.swift */; };
		CCF36CE92583CE250069311A /* Timeline_PNG1.swift in Sources */ = {isa = PBXBuildFile; fileRef = CCF36CE42583CE250069311A /* Timeline_PNG1.swift */; };
		CCF36CEA2583CE250069311A /* Png1.swift in Sources */ = {isa = PBXBuildFile; fileRef = CCF36CE52583CE250069311A /* Png1.swift */; };
		CCF36CEB2583CE250069311A /* Png1.swift in Sources */ = {isa = PBXBuildFile; fileRef = CCF36CE52583CE250069311A /* Png1.swift */; };
		CCF36CEC2583CE250069311A /* Png1.swift in Sources */ = {isa = PBXBuildFile; fileRef = CCF36CE52583CE250069311A /* Png1.swift */; };
		CCF36CED2583CE250069311A /* PNG1_View.swift in Sources */ = {isa = PBXBuildFile; fileRef = CCF36CE62583CE250069311A /* PNG1_View.swift */; };
		CCF36CEE2583CE250069311A /* PNG1_View.swift in Sources */ = {isa = PBXBuildFile; fileRef = CCF36CE62583CE250069311A /* PNG1_View.swift */; };
		CCF36CEF2583CE250069311A /* PNG1_View.swift in Sources */ = {isa = PBXBuildFile; fileRef = CCF36CE62583CE250069311A /* PNG1_View.swift */; };
		CCF36CFA2583CE530069311A /* Png3.swift in Sources */ = {isa = PBXBuildFile; fileRef = CCF36CF72583CE530069311A /* Png3.swift */; };
		CCF36CFB2583CE530069311A /* Png3.swift in Sources */ = {isa = PBXBuildFile; fileRef = CCF36CF72583CE530069311A /* Png3.swift */; };
		CCF36CFC2583CE530069311A /* Png3.swift in Sources */ = {isa = PBXBuildFile; fileRef = CCF36CF72583CE530069311A /* Png3.swift */; };
		CCF36CFD2583CE530069311A /* PNG3_View.swift in Sources */ = {isa = PBXBuildFile; fileRef = CCF36CF82583CE530069311A /* PNG3_View.swift */; };
		CCF36CFE2583CE530069311A /* PNG3_View.swift in Sources */ = {isa = PBXBuildFile; fileRef = CCF36CF82583CE530069311A /* PNG3_View.swift */; };
		CCF36CFF2583CE530069311A /* PNG3_View.swift in Sources */ = {isa = PBXBuildFile; fileRef = CCF36CF82583CE530069311A /* PNG3_View.swift */; };
		CCF36D002583CE530069311A /* Timeline_PNG3.swift in Sources */ = {isa = PBXBuildFile; fileRef = CCF36CF92583CE530069311A /* Timeline_PNG3.swift */; };
		CCF36D012583CE530069311A /* Timeline_PNG3.swift in Sources */ = {isa = PBXBuildFile; fileRef = CCF36CF92583CE530069311A /* Timeline_PNG3.swift */; };
		CCF36D022583CE530069311A /* Timeline_PNG3.swift in Sources */ = {isa = PBXBuildFile; fileRef = CCF36CF92583CE530069311A /* Timeline_PNG3.swift */; };
		CCF36D0D2583CE830069311A /* PNG4_View.swift in Sources */ = {isa = PBXBuildFile; fileRef = CCF36D0A2583CE830069311A /* PNG4_View.swift */; };
		CCF36D0E2583CE830069311A /* PNG4_View.swift in Sources */ = {isa = PBXBuildFile; fileRef = CCF36D0A2583CE830069311A /* PNG4_View.swift */; };
		CCF36D0F2583CE830069311A /* PNG4_View.swift in Sources */ = {isa = PBXBuildFile; fileRef = CCF36D0A2583CE830069311A /* PNG4_View.swift */; };
		CCF36D102583CE830069311A /* Png4.swift in Sources */ = {isa = PBXBuildFile; fileRef = CCF36D0B2583CE830069311A /* Png4.swift */; };
		CCF36D112583CE830069311A /* Png4.swift in Sources */ = {isa = PBXBuildFile; fileRef = CCF36D0B2583CE830069311A /* Png4.swift */; };
		CCF36D122583CE830069311A /* Png4.swift in Sources */ = {isa = PBXBuildFile; fileRef = CCF36D0B2583CE830069311A /* Png4.swift */; };
		CCF36D132583CE830069311A /* Timeline_PNG4.swift in Sources */ = {isa = PBXBuildFile; fileRef = CCF36D0C2583CE830069311A /* Timeline_PNG4.swift */; };
		CCF36D142583CE830069311A /* Timeline_PNG4.swift in Sources */ = {isa = PBXBuildFile; fileRef = CCF36D0C2583CE830069311A /* Timeline_PNG4.swift */; };
		CCF36D152583CE830069311A /* Timeline_PNG4.swift in Sources */ = {isa = PBXBuildFile; fileRef = CCF36D0C2583CE830069311A /* Timeline_PNG4.swift */; };
		CCF36D202583CEAC0069311A /* PNG9_View.swift in Sources */ = {isa = PBXBuildFile; fileRef = CCF36D1D2583CEAC0069311A /* PNG9_View.swift */; };
		CCF36D212583CEAC0069311A /* PNG9_View.swift in Sources */ = {isa = PBXBuildFile; fileRef = CCF36D1D2583CEAC0069311A /* PNG9_View.swift */; };
		CCF36D222583CEAC0069311A /* PNG9_View.swift in Sources */ = {isa = PBXBuildFile; fileRef = CCF36D1D2583CEAC0069311A /* PNG9_View.swift */; };
		CCF36D232583CEAC0069311A /* Png9.swift in Sources */ = {isa = PBXBuildFile; fileRef = CCF36D1E2583CEAC0069311A /* Png9.swift */; };
		CCF36D242583CEAC0069311A /* Png9.swift in Sources */ = {isa = PBXBuildFile; fileRef = CCF36D1E2583CEAC0069311A /* Png9.swift */; };
		CCF36D252583CEAC0069311A /* Png9.swift in Sources */ = {isa = PBXBuildFile; fileRef = CCF36D1E2583CEAC0069311A /* Png9.swift */; };
		CCF36D262583CEAC0069311A /* Timeline_PNG9.swift in Sources */ = {isa = PBXBuildFile; fileRef = CCF36D1F2583CEAC0069311A /* Timeline_PNG9.swift */; };
		CCF36D272583CEAC0069311A /* Timeline_PNG9.swift in Sources */ = {isa = PBXBuildFile; fileRef = CCF36D1F2583CEAC0069311A /* Timeline_PNG9.swift */; };
		CCF36D282583CEAC0069311A /* Timeline_PNG9.swift in Sources */ = {isa = PBXBuildFile; fileRef = CCF36D1F2583CEAC0069311A /* Timeline_PNG9.swift */; };
		CCF36D332583CEDC0069311A /* Timeline_PNG10.swift in Sources */ = {isa = PBXBuildFile; fileRef = CCF36D302583CEDC0069311A /* Timeline_PNG10.swift */; };
		CCF36D342583CEDC0069311A /* Timeline_PNG10.swift in Sources */ = {isa = PBXBuildFile; fileRef = CCF36D302583CEDC0069311A /* Timeline_PNG10.swift */; };
		CCF36D352583CEDC0069311A /* Timeline_PNG10.swift in Sources */ = {isa = PBXBuildFile; fileRef = CCF36D302583CEDC0069311A /* Timeline_PNG10.swift */; };
		CCF36D362583CEDC0069311A /* PNG10_View.swift in Sources */ = {isa = PBXBuildFile; fileRef = CCF36D312583CEDC0069311A /* PNG10_View.swift */; };
		CCF36D372583CEDC0069311A /* PNG10_View.swift in Sources */ = {isa = PBXBuildFile; fileRef = CCF36D312583CEDC0069311A /* PNG10_View.swift */; };
		CCF36D382583CEDC0069311A /* PNG10_View.swift in Sources */ = {isa = PBXBuildFile; fileRef = CCF36D312583CEDC0069311A /* PNG10_View.swift */; };
		CCF36D392583CEDC0069311A /* Png10.swift in Sources */ = {isa = PBXBuildFile; fileRef = CCF36D322583CEDC0069311A /* Png10.swift */; };
		CCF36D3A2583CEDC0069311A /* Png10.swift in Sources */ = {isa = PBXBuildFile; fileRef = CCF36D322583CEDC0069311A /* Png10.swift */; };
		CCF36D3B2583CEDC0069311A /* Png10.swift in Sources */ = {isa = PBXBuildFile; fileRef = CCF36D322583CEDC0069311A /* Png10.swift */; };
		CCF36D462583CF0B0069311A /* Png12.swift in Sources */ = {isa = PBXBuildFile; fileRef = CCF36D432583CF0B0069311A /* Png12.swift */; };
		CCF36D472583CF0B0069311A /* Png12.swift in Sources */ = {isa = PBXBuildFile; fileRef = CCF36D432583CF0B0069311A /* Png12.swift */; };
		CCF36D482583CF0B0069311A /* Png12.swift in Sources */ = {isa = PBXBuildFile; fileRef = CCF36D432583CF0B0069311A /* Png12.swift */; };
		CCF36D492583CF0B0069311A /* Timeline_PNG12.swift in Sources */ = {isa = PBXBuildFile; fileRef = CCF36D442583CF0B0069311A /* Timeline_PNG12.swift */; };
		CCF36D4A2583CF0B0069311A /* Timeline_PNG12.swift in Sources */ = {isa = PBXBuildFile; fileRef = CCF36D442583CF0B0069311A /* Timeline_PNG12.swift */; };
		CCF36D4B2583CF0B0069311A /* Timeline_PNG12.swift in Sources */ = {isa = PBXBuildFile; fileRef = CCF36D442583CF0B0069311A /* Timeline_PNG12.swift */; };
		CCF36D4C2583CF0B0069311A /* PNG12_View.swift in Sources */ = {isa = PBXBuildFile; fileRef = CCF36D452583CF0B0069311A /* PNG12_View.swift */; };
		CCF36D4D2583CF0B0069311A /* PNG12_View.swift in Sources */ = {isa = PBXBuildFile; fileRef = CCF36D452583CF0B0069311A /* PNG12_View.swift */; };
		CCF36D4E2583CF0B0069311A /* PNG12_View.swift in Sources */ = {isa = PBXBuildFile; fileRef = CCF36D452583CF0B0069311A /* PNG12_View.swift */; };
		CCF36D592583CF4A0069311A /* Timeline_PNG13.swift in Sources */ = {isa = PBXBuildFile; fileRef = CCF36D562583CF4A0069311A /* Timeline_PNG13.swift */; };
		CCF36D5A2583CF4A0069311A /* Timeline_PNG13.swift in Sources */ = {isa = PBXBuildFile; fileRef = CCF36D562583CF4A0069311A /* Timeline_PNG13.swift */; };
		CCF36D5B2583CF4A0069311A /* Timeline_PNG13.swift in Sources */ = {isa = PBXBuildFile; fileRef = CCF36D562583CF4A0069311A /* Timeline_PNG13.swift */; };
		CCF36D5C2583CF4A0069311A /* PNG13_View.swift in Sources */ = {isa = PBXBuildFile; fileRef = CCF36D572583CF4A0069311A /* PNG13_View.swift */; };
		CCF36D5D2583CF4A0069311A /* PNG13_View.swift in Sources */ = {isa = PBXBuildFile; fileRef = CCF36D572583CF4A0069311A /* PNG13_View.swift */; };
		CCF36D5E2583CF4A0069311A /* PNG13_View.swift in Sources */ = {isa = PBXBuildFile; fileRef = CCF36D572583CF4A0069311A /* PNG13_View.swift */; };
		CCF36D5F2583CF4A0069311A /* Png13.swift in Sources */ = {isa = PBXBuildFile; fileRef = CCF36D582583CF4A0069311A /* Png13.swift */; };
		CCF36D602583CF4A0069311A /* Png13.swift in Sources */ = {isa = PBXBuildFile; fileRef = CCF36D582583CF4A0069311A /* Png13.swift */; };
		CCF36D612583CF4A0069311A /* Png13.swift in Sources */ = {isa = PBXBuildFile; fileRef = CCF36D582583CF4A0069311A /* Png13.swift */; };
		CCF36D6C2583CF730069311A /* PNG19_View.swift in Sources */ = {isa = PBXBuildFile; fileRef = CCF36D692583CF730069311A /* PNG19_View.swift */; };
		CCF36D6D2583CF730069311A /* PNG19_View.swift in Sources */ = {isa = PBXBuildFile; fileRef = CCF36D692583CF730069311A /* PNG19_View.swift */; };
		CCF36D6E2583CF730069311A /* PNG19_View.swift in Sources */ = {isa = PBXBuildFile; fileRef = CCF36D692583CF730069311A /* PNG19_View.swift */; };
		CCF36D6F2583CF730069311A /* Png19.swift in Sources */ = {isa = PBXBuildFile; fileRef = CCF36D6A2583CF730069311A /* Png19.swift */; };
		CCF36D702583CF730069311A /* Png19.swift in Sources */ = {isa = PBXBuildFile; fileRef = CCF36D6A2583CF730069311A /* Png19.swift */; };
		CCF36D712583CF730069311A /* Png19.swift in Sources */ = {isa = PBXBuildFile; fileRef = CCF36D6A2583CF730069311A /* Png19.swift */; };
		CCF36D722583CF730069311A /* Timeline_PNG19.swift in Sources */ = {isa = PBXBuildFile; fileRef = CCF36D6B2583CF730069311A /* Timeline_PNG19.swift */; };
		CCF36D732583CF730069311A /* Timeline_PNG19.swift in Sources */ = {isa = PBXBuildFile; fileRef = CCF36D6B2583CF730069311A /* Timeline_PNG19.swift */; };
		CCF36D742583CF730069311A /* Timeline_PNG19.swift in Sources */ = {isa = PBXBuildFile; fileRef = CCF36D6B2583CF730069311A /* Timeline_PNG19.swift */; };
		CCF36D892583CFBA0069311A /* OblackBal.swift in Sources */ = {isa = PBXBuildFile; fileRef = CCF36D822583CFBA0069311A /* OblackBal.swift */; };
		CCF36D8A2583CFBA0069311A /* OblackBal.swift in Sources */ = {isa = PBXBuildFile; fileRef = CCF36D822583CFBA0069311A /* OblackBal.swift */; };
		CCF36D8B2583CFBA0069311A /* OblackBal.swift in Sources */ = {isa = PBXBuildFile; fileRef = CCF36D822583CFBA0069311A /* OblackBal.swift */; };
		CCF36D962583CFF30069311A /* OblackCeren_View.swift in Sources */ = {isa = PBXBuildFile; fileRef = CCF36D932583CFF30069311A /* OblackCeren_View.swift */; };
		CCF36D972583CFF30069311A /* OblackCeren_View.swift in Sources */ = {isa = PBXBuildFile; fileRef = CCF36D932583CFF30069311A /* OblackCeren_View.swift */; };
		CCF36D982583CFF30069311A /* OblackCeren_View.swift in Sources */ = {isa = PBXBuildFile; fileRef = CCF36D932583CFF30069311A /* OblackCeren_View.swift */; };
		CCF36D992583CFF30069311A /* OblackCheren.swift in Sources */ = {isa = PBXBuildFile; fileRef = CCF36D942583CFF30069311A /* OblackCheren.swift */; };
		CCF36D9A2583CFF30069311A /* OblackCheren.swift in Sources */ = {isa = PBXBuildFile; fileRef = CCF36D942583CFF30069311A /* OblackCheren.swift */; };
		CCF36D9B2583CFF30069311A /* OblackCheren.swift in Sources */ = {isa = PBXBuildFile; fileRef = CCF36D942583CFF30069311A /* OblackCheren.swift */; };
		CCF36D9C2583CFF30069311A /* Timeline_OblackCeren.swift in Sources */ = {isa = PBXBuildFile; fileRef = CCF36D952583CFF30069311A /* Timeline_OblackCeren.swift */; };
		CCF36D9D2583CFF30069311A /* Timeline_OblackCeren.swift in Sources */ = {isa = PBXBuildFile; fileRef = CCF36D952583CFF30069311A /* Timeline_OblackCeren.swift */; };
		CCF36D9E2583CFF30069311A /* Timeline_OblackCeren.swift in Sources */ = {isa = PBXBuildFile; fileRef = CCF36D952583CFF30069311A /* Timeline_OblackCeren.swift */; };
		CCF36DA92583D0240069311A /* OblackCragal_View.swift in Sources */ = {isa = PBXBuildFile; fileRef = CCF36DA62583D0240069311A /* OblackCragal_View.swift */; };
		CCF36DAA2583D0240069311A /* OblackCragal_View.swift in Sources */ = {isa = PBXBuildFile; fileRef = CCF36DA62583D0240069311A /* OblackCragal_View.swift */; };
		CCF36DAB2583D0240069311A /* OblackCragal_View.swift in Sources */ = {isa = PBXBuildFile; fileRef = CCF36DA62583D0240069311A /* OblackCragal_View.swift */; };
		CCF36DAC2583D0240069311A /* OblackKragal.swift in Sources */ = {isa = PBXBuildFile; fileRef = CCF36DA72583D0240069311A /* OblackKragal.swift */; };
		CCF36DAD2583D0240069311A /* OblackKragal.swift in Sources */ = {isa = PBXBuildFile; fileRef = CCF36DA72583D0240069311A /* OblackKragal.swift */; };
		CCF36DAE2583D0240069311A /* OblackKragal.swift in Sources */ = {isa = PBXBuildFile; fileRef = CCF36DA72583D0240069311A /* OblackKragal.swift */; };
		CCF36DAF2583D0240069311A /* Timeline_OblackCragal.swift in Sources */ = {isa = PBXBuildFile; fileRef = CCF36DA82583D0240069311A /* Timeline_OblackCragal.swift */; };
		CCF36DB02583D0240069311A /* Timeline_OblackCragal.swift in Sources */ = {isa = PBXBuildFile; fileRef = CCF36DA82583D0240069311A /* Timeline_OblackCragal.swift */; };
		CCF36DB12583D0240069311A /* Timeline_OblackCragal.swift in Sources */ = {isa = PBXBuildFile; fileRef = CCF36DA82583D0240069311A /* Timeline_OblackCragal.swift */; };
		CCF36DBC2583D0680069311A /* Timeline_Oblacksaren.swift in Sources */ = {isa = PBXBuildFile; fileRef = CCF36DB92583D0680069311A /* Timeline_Oblacksaren.swift */; };
		CCF36DBD2583D0680069311A /* Timeline_Oblacksaren.swift in Sources */ = {isa = PBXBuildFile; fileRef = CCF36DB92583D0680069311A /* Timeline_Oblacksaren.swift */; };
		CCF36DBE2583D0680069311A /* Timeline_Oblacksaren.swift in Sources */ = {isa = PBXBuildFile; fileRef = CCF36DB92583D0680069311A /* Timeline_Oblacksaren.swift */; };
		CCF36DBF2583D0680069311A /* OblackSaren_View.swift in Sources */ = {isa = PBXBuildFile; fileRef = CCF36DBA2583D0680069311A /* OblackSaren_View.swift */; };
		CCF36DC02583D0680069311A /* OblackSaren_View.swift in Sources */ = {isa = PBXBuildFile; fileRef = CCF36DBA2583D0680069311A /* OblackSaren_View.swift */; };
		CCF36DC12583D0680069311A /* OblackSaren_View.swift in Sources */ = {isa = PBXBuildFile; fileRef = CCF36DBA2583D0680069311A /* OblackSaren_View.swift */; };
		CCF36DC22583D0680069311A /* OblackSaren.swift in Sources */ = {isa = PBXBuildFile; fileRef = CCF36DBB2583D0680069311A /* OblackSaren.swift */; };
		CCF36DC32583D0680069311A /* OblackSaren.swift in Sources */ = {isa = PBXBuildFile; fileRef = CCF36DBB2583D0680069311A /* OblackSaren.swift */; };
		CCF36DC42583D0680069311A /* OblackSaren.swift in Sources */ = {isa = PBXBuildFile; fileRef = CCF36DBB2583D0680069311A /* OblackSaren.swift */; };
		CCF36DCF2583D0940069311A /* OblackSin_View.swift in Sources */ = {isa = PBXBuildFile; fileRef = CCF36DCC2583D0940069311A /* OblackSin_View.swift */; };
		CCF36DD02583D0940069311A /* OblackSin_View.swift in Sources */ = {isa = PBXBuildFile; fileRef = CCF36DCC2583D0940069311A /* OblackSin_View.swift */; };
		CCF36DD12583D0940069311A /* OblackSin_View.swift in Sources */ = {isa = PBXBuildFile; fileRef = CCF36DCC2583D0940069311A /* OblackSin_View.swift */; };
		CCF36DD22583D0940069311A /* Timeline_OblackSin.swift in Sources */ = {isa = PBXBuildFile; fileRef = CCF36DCD2583D0940069311A /* Timeline_OblackSin.swift */; };
		CCF36DD32583D0940069311A /* Timeline_OblackSin.swift in Sources */ = {isa = PBXBuildFile; fileRef = CCF36DCD2583D0940069311A /* Timeline_OblackSin.swift */; };
		CCF36DD42583D0940069311A /* Timeline_OblackSin.swift in Sources */ = {isa = PBXBuildFile; fileRef = CCF36DCD2583D0940069311A /* Timeline_OblackSin.swift */; };
		CCF36DD52583D0940069311A /* OblackSin.swift in Sources */ = {isa = PBXBuildFile; fileRef = CCF36DCE2583D0940069311A /* OblackSin.swift */; };
		CCF36DD62583D0940069311A /* OblackSin.swift in Sources */ = {isa = PBXBuildFile; fileRef = CCF36DCE2583D0940069311A /* OblackSin.swift */; };
		CCF36DD72583D0940069311A /* OblackSin.swift in Sources */ = {isa = PBXBuildFile; fileRef = CCF36DCE2583D0940069311A /* OblackSin.swift */; };
		CCF36E3C2583D1610069311A /* CAKeyframeAnimation+Extension.swift in Sources */ = {isa = PBXBuildFile; fileRef = CCF36E2F2583D1610069311A /* CAKeyframeAnimation+Extension.swift */; };
		CCF36E3D2583D1610069311A /* CAKeyframeAnimation+Extension.swift in Sources */ = {isa = PBXBuildFile; fileRef = CCF36E2F2583D1610069311A /* CAKeyframeAnimation+Extension.swift */; };
		CCF36E3E2583D1610069311A /* CAKeyframeAnimation+Extension.swift in Sources */ = {isa = PBXBuildFile; fileRef = CCF36E2F2583D1610069311A /* CAKeyframeAnimation+Extension.swift */; };
		CCF36E3F2583D1610069311A /* Timeline.swift in Sources */ = {isa = PBXBuildFile; fileRef = CCF36E302583D1610069311A /* Timeline.swift */; };
		CCF36E402583D1610069311A /* Timeline.swift in Sources */ = {isa = PBXBuildFile; fileRef = CCF36E302583D1610069311A /* Timeline.swift */; };
		CCF36E412583D1610069311A /* Timeline.swift in Sources */ = {isa = PBXBuildFile; fileRef = CCF36E302583D1610069311A /* Timeline.swift */; };
		CCF36E422583D1610069311A /* ShapeView.swift in Sources */ = {isa = PBXBuildFile; fileRef = CCF36E312583D1610069311A /* ShapeView.swift */; };
		CCF36E432583D1610069311A /* ShapeView.swift in Sources */ = {isa = PBXBuildFile; fileRef = CCF36E312583D1610069311A /* ShapeView.swift */; };
		CCF36E442583D1610069311A /* ShapeView.swift in Sources */ = {isa = PBXBuildFile; fileRef = CCF36E312583D1610069311A /* ShapeView.swift */; };
		CCF36E452583D1610069311A /* NSShadow+Extension.swift in Sources */ = {isa = PBXBuildFile; fileRef = CCF36E322583D1610069311A /* NSShadow+Extension.swift */; };
		CCF36E462583D1610069311A /* NSShadow+Extension.swift in Sources */ = {isa = PBXBuildFile; fileRef = CCF36E322583D1610069311A /* NSShadow+Extension.swift */; };
		CCF36E472583D1610069311A /* NSShadow+Extension.swift in Sources */ = {isa = PBXBuildFile; fileRef = CCF36E322583D1610069311A /* NSShadow+Extension.swift */; };
		CCF36E482583D1610069311A /* TextView.swift in Sources */ = {isa = PBXBuildFile; fileRef = CCF36E332583D1610069311A /* TextView.swift */; };
		CCF36E492583D1610069311A /* TextView.swift in Sources */ = {isa = PBXBuildFile; fileRef = CCF36E332583D1610069311A /* TextView.swift */; };
		CCF36E4A2583D1610069311A /* TextView.swift in Sources */ = {isa = PBXBuildFile; fileRef = CCF36E332583D1610069311A /* TextView.swift */; };
		CCF36E4B2583D1610069311A /* NSMutableParagraphStyle+Extension.swift in Sources */ = {isa = PBXBuildFile; fileRef = CCF36E342583D1610069311A /* NSMutableParagraphStyle+Extension.swift */; };
		CCF36E4C2583D1610069311A /* NSMutableParagraphStyle+Extension.swift in Sources */ = {isa = PBXBuildFile; fileRef = CCF36E342583D1610069311A /* NSMutableParagraphStyle+Extension.swift */; };
		CCF36E4D2583D1610069311A /* NSMutableParagraphStyle+Extension.swift in Sources */ = {isa = PBXBuildFile; fileRef = CCF36E342583D1610069311A /* NSMutableParagraphStyle+Extension.swift */; };
		CCF36E4E2583D1610069311A /* UIImage+Extension.swift in Sources */ = {isa = PBXBuildFile; fileRef = CCF36E352583D1610069311A /* UIImage+Extension.swift */; };
		CCF36E4F2583D1610069311A /* UIImage+Extension.swift in Sources */ = {isa = PBXBuildFile; fileRef = CCF36E352583D1610069311A /* UIImage+Extension.swift */; };
		CCF36E502583D1610069311A /* UIImage+Extension.swift in Sources */ = {isa = PBXBuildFile; fileRef = CCF36E352583D1610069311A /* UIImage+Extension.swift */; };
		CCF36E512583D1610069311A /* CGPath+SVG.swift in Sources */ = {isa = PBXBuildFile; fileRef = CCF36E362583D1610069311A /* CGPath+SVG.swift */; };
		CCF36E522583D1610069311A /* CGPath+SVG.swift in Sources */ = {isa = PBXBuildFile; fileRef = CCF36E362583D1610069311A /* CGPath+SVG.swift */; };
		CCF36E532583D1610069311A /* CGPath+SVG.swift in Sources */ = {isa = PBXBuildFile; fileRef = CCF36E362583D1610069311A /* CGPath+SVG.swift */; };
		CCF36E542583D1610069311A /* CAMediaTimingFunction+Extension.swift in Sources */ = {isa = PBXBuildFile; fileRef = CCF36E372583D1610069311A /* CAMediaTimingFunction+Extension.swift */; };
		CCF36E552583D1610069311A /* CAMediaTimingFunction+Extension.swift in Sources */ = {isa = PBXBuildFile; fileRef = CCF36E372583D1610069311A /* CAMediaTimingFunction+Extension.swift */; };
		CCF36E562583D1610069311A /* CAMediaTimingFunction+Extension.swift in Sources */ = {isa = PBXBuildFile; fileRef = CCF36E372583D1610069311A /* CAMediaTimingFunction+Extension.swift */; };
		CCF36E572583D1610069311A /* Animation.swift in Sources */ = {isa = PBXBuildFile; fileRef = CCF36E382583D1610069311A /* Animation.swift */; };
		CCF36E582583D1610069311A /* Animation.swift in Sources */ = {isa = PBXBuildFile; fileRef = CCF36E382583D1610069311A /* Animation.swift */; };
		CCF36E592583D1610069311A /* Animation.swift in Sources */ = {isa = PBXBuildFile; fileRef = CCF36E382583D1610069311A /* Animation.swift */; };
		CCF36E5A2583D1610069311A /* CATransaction+Extension.swift in Sources */ = {isa = PBXBuildFile; fileRef = CCF36E392583D1610069311A /* CATransaction+Extension.swift */; };
		CCF36E5B2583D1610069311A /* CATransaction+Extension.swift in Sources */ = {isa = PBXBuildFile; fileRef = CCF36E392583D1610069311A /* CATransaction+Extension.swift */; };
		CCF36E5C2583D1610069311A /* CATransaction+Extension.swift in Sources */ = {isa = PBXBuildFile; fileRef = CCF36E392583D1610069311A /* CATransaction+Extension.swift */; };
		CCF36E5D2583D1610069311A /* Sound.swift in Sources */ = {isa = PBXBuildFile; fileRef = CCF36E3A2583D1610069311A /* Sound.swift */; };
		CCF36E5E2583D1610069311A /* Sound.swift in Sources */ = {isa = PBXBuildFile; fileRef = CCF36E3A2583D1610069311A /* Sound.swift */; };
		CCF36E5F2583D1610069311A /* Sound.swift in Sources */ = {isa = PBXBuildFile; fileRef = CCF36E3A2583D1610069311A /* Sound.swift */; };
		CCF36E602583D1610069311A /* UIView+Extension.swift in Sources */ = {isa = PBXBuildFile; fileRef = CCF36E3B2583D1610069311A /* UIView+Extension.swift */; };
		CCF36E612583D1610069311A /* UIView+Extension.swift in Sources */ = {isa = PBXBuildFile; fileRef = CCF36E3B2583D1610069311A /* UIView+Extension.swift */; };
		CCF36E622583D1610069311A /* UIView+Extension.swift in Sources */ = {isa = PBXBuildFile; fileRef = CCF36E3B2583D1610069311A /* UIView+Extension.swift */; };
		CCF36E712583D2F90069311A /* Timeline_OblackBal.swift in Sources */ = {isa = PBXBuildFile; fileRef = CCF36E6F2583D2F90069311A /* Timeline_OblackBal.swift */; };
		CCF36E722583D2F90069311A /* Timeline_OblackBal.swift in Sources */ = {isa = PBXBuildFile; fileRef = CCF36E6F2583D2F90069311A /* Timeline_OblackBal.swift */; };
		CCF36E732583D2F90069311A /* Timeline_OblackBal.swift in Sources */ = {isa = PBXBuildFile; fileRef = CCF36E6F2583D2F90069311A /* Timeline_OblackBal.swift */; };
		CCF36E742583D2F90069311A /* OblackBal_View.swift in Sources */ = {isa = PBXBuildFile; fileRef = CCF36E702583D2F90069311A /* OblackBal_View.swift */; };
		CCF36E752583D2F90069311A /* OblackBal_View.swift in Sources */ = {isa = PBXBuildFile; fileRef = CCF36E702583D2F90069311A /* OblackBal_View.swift */; };
		CCF36E762583D2F90069311A /* OblackBal_View.swift in Sources */ = {isa = PBXBuildFile; fileRef = CCF36E702583D2F90069311A /* OblackBal_View.swift */; };
		CCF36E8E2584D4CA0069311A /* MagicView.sks in Resources */ = {isa = PBXBuildFile; fileRef = CCF36E8D2584D4CA0069311A /* MagicView.sks */; };
/* End PBXBuildFile section */

/* Begin PBXContainerItemProxy section */
		CCF36C4D2583CA190069311A /* PBXContainerItemProxy */ = {
			isa = PBXContainerItemProxy;
			containerPortal = CCF36C332583CA160069311A /* Project object */;
			proxyType = 1;
			remoteGlobalIDString = CCF36C3A2583CA170069311A;
			remoteInfo = CoreTree;
		};
		CCF36C582583CA190069311A /* PBXContainerItemProxy */ = {
			isa = PBXContainerItemProxy;
			containerPortal = CCF36C332583CA160069311A /* Project object */;
			proxyType = 1;
			remoteGlobalIDString = CCF36C3A2583CA170069311A;
			remoteInfo = CoreTree;
		};
/* End PBXContainerItemProxy section */

/* Begin PBXFileReference section */
		CCF36C3B2583CA170069311A /* CoreTree.app */ = {isa = PBXFileReference; explicitFileType = wrapper.application; includeInIndex = 0; path = CoreTree.app; sourceTree = BUILT_PRODUCTS_DIR; };
		CCF36C3E2583CA170069311A /* CoreTreeApp.swift */ = {isa = PBXFileReference; lastKnownFileType = sourcecode.swift; path = CoreTreeApp.swift; sourceTree = "<group>"; };
		CCF36C402583CA170069311A /* ContentView.swift */ = {isa = PBXFileReference; lastKnownFileType = sourcecode.swift; path = ContentView.swift; sourceTree = "<group>"; };
		CCF36C422583CA190069311A /* Assets.xcassets */ = {isa = PBXFileReference; lastKnownFileType = folder.assetcatalog; path = Assets.xcassets; sourceTree = "<group>"; };
		CCF36C452583CA190069311A /* Preview Assets.xcassets */ = {isa = PBXFileReference; lastKnownFileType = folder.assetcatalog; path = "Preview Assets.xcassets"; sourceTree = "<group>"; };
		CCF36C472583CA190069311A /* Info.plist */ = {isa = PBXFileReference; lastKnownFileType = text.plist.xml; path = Info.plist; sourceTree = "<group>"; };
		CCF36C4C2583CA190069311A /* CoreTreeTests.xctest */ = {isa = PBXFileReference; explicitFileType = wrapper.cfbundle; includeInIndex = 0; path = CoreTreeTests.xctest; sourceTree = BUILT_PRODUCTS_DIR; };
		CCF36C502583CA190069311A /* CoreTreeTests.swift */ = {isa = PBXFileReference; lastKnownFileType = sourcecode.swift; path = CoreTreeTests.swift; sourceTree = "<group>"; };
		CCF36C522583CA190069311A /* Info.plist */ = {isa = PBXFileReference; lastKnownFileType = text.plist.xml; path = Info.plist; sourceTree = "<group>"; };
		CCF36C572583CA190069311A /* CoreTreeUITests.xctest */ = {isa = PBXFileReference; explicitFileType = wrapper.cfbundle; includeInIndex = 0; path = CoreTreeUITests.xctest; sourceTree = BUILT_PRODUCTS_DIR; };
		CCF36C5B2583CA190069311A /* CoreTreeUITests.swift */ = {isa = PBXFileReference; lastKnownFileType = sourcecode.swift; path = CoreTreeUITests.swift; sourceTree = "<group>"; };
		CCF36C5D2583CA190069311A /* Info.plist */ = {isa = PBXFileReference; lastKnownFileType = text.plist.xml; path = Info.plist; sourceTree = "<group>"; };
		CCF36CD82583CC390069311A /* ScreenFrame.swift */ = {isa = PBXFileReference; fileEncoding = 4; lastKnownFileType = sourcecode.swift; path = ScreenFrame.swift; sourceTree = "<group>"; };
		CCF36CE42583CE250069311A /* Timeline_PNG1.swift */ = {isa = PBXFileReference; fileEncoding = 4; lastKnownFileType = sourcecode.swift; path = Timeline_PNG1.swift; sourceTree = "<group>"; };
		CCF36CE52583CE250069311A /* Png1.swift */ = {isa = PBXFileReference; fileEncoding = 4; lastKnownFileType = sourcecode.swift; path = Png1.swift; sourceTree = "<group>"; };
		CCF36CE62583CE250069311A /* PNG1_View.swift */ = {isa = PBXFileReference; fileEncoding = 4; lastKnownFileType = sourcecode.swift; path = PNG1_View.swift; sourceTree = "<group>"; };
		CCF36CF72583CE530069311A /* Png3.swift */ = {isa = PBXFileReference; fileEncoding = 4; lastKnownFileType = sourcecode.swift; path = Png3.swift; sourceTree = "<group>"; };
		CCF36CF82583CE530069311A /* PNG3_View.swift */ = {isa = PBXFileReference; fileEncoding = 4; lastKnownFileType = sourcecode.swift; path = PNG3_View.swift; sourceTree = "<group>"; };
		CCF36CF92583CE530069311A /* Timeline_PNG3.swift */ = {isa = PBXFileReference; fileEncoding = 4; lastKnownFileType = sourcecode.swift; path = Timeline_PNG3.swift; sourceTree = "<group>"; };
		CCF36D0A2583CE830069311A /* PNG4_View.swift */ = {isa = PBXFileReference; fileEncoding = 4; lastKnownFileType = sourcecode.swift; path = PNG4_View.swift; sourceTree = "<group>"; };
		CCF36D0B2583CE830069311A /* Png4.swift */ = {isa = PBXFileReference; fileEncoding = 4; lastKnownFileType = sourcecode.swift; path = Png4.swift; sourceTree = "<group>"; };
		CCF36D0C2583CE830069311A /* Timeline_PNG4.swift */ = {isa = PBXFileReference; fileEncoding = 4; lastKnownFileType = sourcecode.swift; path = Timeline_PNG4.swift; sourceTree = "<group>"; };
		CCF36D1D2583CEAC0069311A /* PNG9_View.swift */ = {isa = PBXFileReference; fileEncoding = 4; lastKnownFileType = sourcecode.swift; path = PNG9_View.swift; sourceTree = "<group>"; };
		CCF36D1E2583CEAC0069311A /* Png9.swift */ = {isa = PBXFileReference; fileEncoding = 4; lastKnownFileType = sourcecode.swift; path = Png9.swift; sourceTree = "<group>"; };
		CCF36D1F2583CEAC0069311A /* Timeline_PNG9.swift */ = {isa = PBXFileReference; fileEncoding = 4; lastKnownFileType = sourcecode.swift; path = Timeline_PNG9.swift; sourceTree = "<group>"; };
		CCF36D302583CEDC0069311A /* Timeline_PNG10.swift */ = {isa = PBXFileReference; fileEncoding = 4; lastKnownFileType = sourcecode.swift; path = Timeline_PNG10.swift; sourceTree = "<group>"; };
		CCF36D312583CEDC0069311A /* PNG10_View.swift */ = {isa = PBXFileReference; fileEncoding = 4; lastKnownFileType = sourcecode.swift; path = PNG10_View.swift; sourceTree = "<group>"; };
		CCF36D322583CEDC0069311A /* Png10.swift */ = {isa = PBXFileReference; fileEncoding = 4; lastKnownFileType = sourcecode.swift; path = Png10.swift; sourceTree = "<group>"; };
		CCF36D432583CF0B0069311A /* Png12.swift */ = {isa = PBXFileReference; fileEncoding = 4; lastKnownFileType = sourcecode.swift; path = Png12.swift; sourceTree = "<group>"; };
		CCF36D442583CF0B0069311A /* Timeline_PNG12.swift */ = {isa = PBXFileReference; fileEncoding = 4; lastKnownFileType = sourcecode.swift; path = Timeline_PNG12.swift; sourceTree = "<group>"; };
		CCF36D452583CF0B0069311A /* PNG12_View.swift */ = {isa = PBXFileReference; fileEncoding = 4; lastKnownFileType = sourcecode.swift; path = PNG12_View.swift; sourceTree = "<group>"; };
		CCF36D562583CF4A0069311A /* Timeline_PNG13.swift */ = {isa = PBXFileReference; fileEncoding = 4; lastKnownFileType = sourcecode.swift; path = Timeline_PNG13.swift; sourceTree = "<group>"; };
		CCF36D572583CF4A0069311A /* PNG13_View.swift */ = {isa = PBXFileReference; fileEncoding = 4; lastKnownFileType = sourcecode.swift; path = PNG13_View.swift; sourceTree = "<group>"; };
		CCF36D582583CF4A0069311A /* Png13.swift */ = {isa = PBXFileReference; fileEncoding = 4; lastKnownFileType = sourcecode.swift; path = Png13.swift; sourceTree = "<group>"; };
		CCF36D692583CF730069311A /* PNG19_View.swift */ = {isa = PBXFileReference; fileEncoding = 4; lastKnownFileType = sourcecode.swift; path = PNG19_View.swift; sourceTree = "<group>"; };
		CCF36D6A2583CF730069311A /* Png19.swift */ = {isa = PBXFileReference; fileEncoding = 4; lastKnownFileType = sourcecode.swift; path = Png19.swift; sourceTree = "<group>"; };
		CCF36D6B2583CF730069311A /* Timeline_PNG19.swift */ = {isa = PBXFileReference; fileEncoding = 4; lastKnownFileType = sourcecode.swift; path = Timeline_PNG19.swift; sourceTree = "<group>"; };
		CCF36D822583CFBA0069311A /* OblackBal.swift */ = {isa = PBXFileReference; fileEncoding = 4; lastKnownFileType = sourcecode.swift; path = OblackBal.swift; sourceTree = "<group>"; };
		CCF36D932583CFF30069311A /* OblackCeren_View.swift */ = {isa = PBXFileReference; fileEncoding = 4; lastKnownFileType = sourcecode.swift; path = OblackCeren_View.swift; sourceTree = "<group>"; };
		CCF36D942583CFF30069311A /* OblackCheren.swift */ = {isa = PBXFileReference; fileEncoding = 4; lastKnownFileType = sourcecode.swift; path = OblackCheren.swift; sourceTree = "<group>"; };
		CCF36D952583CFF30069311A /* Timeline_OblackCeren.swift */ = {isa = PBXFileReference; fileEncoding = 4; lastKnownFileType = sourcecode.swift; path = Timeline_OblackCeren.swift; sourceTree = "<group>"; };
		CCF36DA62583D0240069311A /* OblackCragal_View.swift */ = {isa = PBXFileReference; fileEncoding = 4; lastKnownFileType = sourcecode.swift; path = OblackCragal_View.swift; sourceTree = "<group>"; };
		CCF36DA72583D0240069311A /* OblackKragal.swift */ = {isa = PBXFileReference; fileEncoding = 4; lastKnownFileType = sourcecode.swift; path = OblackKragal.swift; sourceTree = "<group>"; };
		CCF36DA82583D0240069311A /* Timeline_OblackCragal.swift */ = {isa = PBXFileReference; fileEncoding = 4; lastKnownFileType = sourcecode.swift; path = Timeline_OblackCragal.swift; sourceTree = "<group>"; };
		CCF36DB92583D0680069311A /* Timeline_Oblacksaren.swift */ = {isa = PBXFileReference; fileEncoding = 4; lastKnownFileType = sourcecode.swift; path = Timeline_Oblacksaren.swift; sourceTree = "<group>"; };
		CCF36DBA2583D0680069311A /* OblackSaren_View.swift */ = {isa = PBXFileReference; fileEncoding = 4; lastKnownFileType = sourcecode.swift; path = OblackSaren_View.swift; sourceTree = "<group>"; };
		CCF36DBB2583D0680069311A /* OblackSaren.swift */ = {isa = PBXFileReference; fileEncoding = 4; lastKnownFileType = sourcecode.swift; path = OblackSaren.swift; sourceTree = "<group>"; };
		CCF36DCC2583D0940069311A /* OblackSin_View.swift */ = {isa = PBXFileReference; fileEncoding = 4; lastKnownFileType = sourcecode.swift; path = OblackSin_View.swift; sourceTree = "<group>"; };
		CCF36DCD2583D0940069311A /* Timeline_OblackSin.swift */ = {isa = PBXFileReference; fileEncoding = 4; lastKnownFileType = sourcecode.swift; path = Timeline_OblackSin.swift; sourceTree = "<group>"; };
		CCF36DCE2583D0940069311A /* OblackSin.swift */ = {isa = PBXFileReference; fileEncoding = 4; lastKnownFileType = sourcecode.swift; path = OblackSin.swift; sourceTree = "<group>"; };
		CCF36E2F2583D1610069311A /* CAKeyframeAnimation+Extension.swift */ = {isa = PBXFileReference; fileEncoding = 4; lastKnownFileType = sourcecode.swift; name = "CAKeyframeAnimation+Extension.swift"; path = "../CAKeyframeAnimation+Extension.swift"; sourceTree = "<group>"; };
		CCF36E302583D1610069311A /* Timeline.swift */ = {isa = PBXFileReference; fileEncoding = 4; lastKnownFileType = sourcecode.swift; name = Timeline.swift; path = ../Timeline.swift; sourceTree = "<group>"; };
		CCF36E312583D1610069311A /* ShapeView.swift */ = {isa = PBXFileReference; fileEncoding = 4; lastKnownFileType = sourcecode.swift; name = ShapeView.swift; path = ../ShapeView.swift; sourceTree = "<group>"; };
		CCF36E322583D1610069311A /* NSShadow+Extension.swift */ = {isa = PBXFileReference; fileEncoding = 4; lastKnownFileType = sourcecode.swift; name = "NSShadow+Extension.swift"; path = "../NSShadow+Extension.swift"; sourceTree = "<group>"; };
		CCF36E332583D1610069311A /* TextView.swift */ = {isa = PBXFileReference; fileEncoding = 4; lastKnownFileType = sourcecode.swift; name = TextView.swift; path = ../TextView.swift; sourceTree = "<group>"; };
		CCF36E342583D1610069311A /* NSMutableParagraphStyle+Extension.swift */ = {isa = PBXFileReference; fileEncoding = 4; lastKnownFileType = sourcecode.swift; name = "NSMutableParagraphStyle+Extension.swift"; path = "../NSMutableParagraphStyle+Extension.swift"; sourceTree = "<group>"; };
		CCF36E352583D1610069311A /* UIImage+Extension.swift */ = {isa = PBXFileReference; fileEncoding = 4; lastKnownFileType = sourcecode.swift; name = "UIImage+Extension.swift"; path = "../UIImage+Extension.swift"; sourceTree = "<group>"; };
		CCF36E362583D1610069311A /* CGPath+SVG.swift */ = {isa = PBXFileReference; fileEncoding = 4; lastKnownFileType = sourcecode.swift; name = "CGPath+SVG.swift"; path = "../CGPath+SVG.swift"; sourceTree = "<group>"; };
		CCF36E372583D1610069311A /* CAMediaTimingFunction+Extension.swift */ = {isa = PBXFileReference; fileEncoding = 4; lastKnownFileType = sourcecode.swift; name = "CAMediaTimingFunction+Extension.swift"; path = "../CAMediaTimingFunction+Extension.swift"; sourceTree = "<group>"; };
		CCF36E382583D1610069311A /* Animation.swift */ = {isa = PBXFileReference; fileEncoding = 4; lastKnownFileType = sourcecode.swift; name = Animation.swift; path = CoreTree/Animation.swift; sourceTree = SOURCE_ROOT; };
		CCF36E392583D1610069311A /* CATransaction+Extension.swift */ = {isa = PBXFileReference; fileEncoding = 4; lastKnownFileType = sourcecode.swift; name = "CATransaction+Extension.swift"; path = "../CATransaction+Extension.swift"; sourceTree = "<group>"; };
		CCF36E3A2583D1610069311A /* Sound.swift */ = {isa = PBXFileReference; fileEncoding = 4; lastKnownFileType = sourcecode.swift; name = Sound.swift; path = ../Sound.swift; sourceTree = "<group>"; };
		CCF36E3B2583D1610069311A /* UIView+Extension.swift */ = {isa = PBXFileReference; fileEncoding = 4; lastKnownFileType = sourcecode.swift; name = "UIView+Extension.swift"; path = "../UIView+Extension.swift"; sourceTree = "<group>"; };
		CCF36E6F2583D2F90069311A /* Timeline_OblackBal.swift */ = {isa = PBXFileReference; fileEncoding = 4; lastKnownFileType = sourcecode.swift; path = Timeline_OblackBal.swift; sourceTree = "<group>"; };
		CCF36E702583D2F90069311A /* OblackBal_View.swift */ = {isa = PBXFileReference; fileEncoding = 4; lastKnownFileType = sourcecode.swift; path = OblackBal_View.swift; sourceTree = "<group>"; };
		CCF36E8D2584D4CA0069311A /* MagicView.sks */ = {isa = PBXFileReference; lastKnownFileType = file.sks; path = MagicView.sks; sourceTree = "<group>"; };
/* End PBXFileReference section */

/* Begin PBXFrameworksBuildPhase section */
		CCF36C382583CA170069311A /* Frameworks */ = {
			isa = PBXFrameworksBuildPhase;
			buildActionMask = 2147483647;
			files = (
			);
			runOnlyForDeploymentPostprocessing = 0;
		};
		CCF36C492583CA190069311A /* Frameworks */ = {
			isa = PBXFrameworksBuildPhase;
			buildActionMask = 2147483647;
			files = (
			);
			runOnlyForDeploymentPostprocessing = 0;
		};
		CCF36C542583CA190069311A /* Frameworks */ = {
			isa = PBXFrameworksBuildPhase;
			buildActionMask = 2147483647;
			files = (
			);
			runOnlyForDeploymentPostprocessing = 0;
		};
/* End PBXFrameworksBuildPhase section */

/* Begin PBXGroup section */
		CCF36C322583CA160069311A = {
			isa = PBXGroup;
			children = (
				CCF36C3D2583CA170069311A /* CoreTree */,
				CCF36C4F2583CA190069311A /* CoreTreeTests */,
				CCF36C5A2583CA190069311A /* CoreTreeUITests */,
				CCF36C3C2583CA170069311A /* Products */,
			);
			sourceTree = "<group>";
		};
		CCF36C3C2583CA170069311A /* Products */ = {
			isa = PBXGroup;
			children = (
				CCF36C3B2583CA170069311A /* CoreTree.app */,
				CCF36C4C2583CA190069311A /* CoreTreeTests.xctest */,
				CCF36C572583CA190069311A /* CoreTreeUITests.xctest */,
			);
			name = Products;
			sourceTree = "<group>";
		};
		CCF36C3D2583CA170069311A /* CoreTree */ = {
			isa = PBXGroup;
			children = (
				CCF36C3E2583CA170069311A /* CoreTreeApp.swift */,
				CCF36C402583CA170069311A /* ContentView.swift */,
				CCF36CD82583CC390069311A /* ScreenFrame.swift */,
				CCF36E8D2584D4CA0069311A /* MagicView.sks */,
				CCF36D7E2583CF910069311A /* Oblack6 */,
				CCF36CE22583CDE60069311A /* Tree8 */,
				CCF36C6C2583CA370069311A /* Animation */,
				CCF36C422583CA190069311A /* Assets.xcassets */,
				CCF36C472583CA190069311A /* Info.plist */,
				CCF36C442583CA190069311A /* Preview Content */,
			);
			path = CoreTree;
			sourceTree = "<group>";
		};
		CCF36C442583CA190069311A /* Preview Content */ = {
			isa = PBXGroup;
			children = (
				CCF36C452583CA190069311A /* Preview Assets.xcassets */,
			);
			path = "Preview Content";
			sourceTree = "<group>";
		};
		CCF36C4F2583CA190069311A /* CoreTreeTests */ = {
			isa = PBXGroup;
			children = (
				CCF36C502583CA190069311A /* CoreTreeTests.swift */,
				CCF36C522583CA190069311A /* Info.plist */,
			);
			path = CoreTreeTests;
			sourceTree = "<group>";
		};
		CCF36C5A2583CA190069311A /* CoreTreeUITests */ = {
			isa = PBXGroup;
			children = (
				CCF36C5B2583CA190069311A /* CoreTreeUITests.swift */,
				CCF36C5D2583CA190069311A /* Info.plist */,
			);
			path = CoreTreeUITests;
			sourceTree = "<group>";
		};
		CCF36C6C2583CA370069311A /* Animation */ = {
			isa = PBXGroup;
			children = (
				CCF36E382583D1610069311A /* Animation.swift */,
				CCF36E2F2583D1610069311A /* CAKeyframeAnimation+Extension.swift */,
				CCF36E372583D1610069311A /* CAMediaTimingFunction+Extension.swift */,
				CCF36E392583D1610069311A /* CATransaction+Extension.swift */,
				CCF36E362583D1610069311A /* CGPath+SVG.swift */,
				CCF36E342583D1610069311A /* NSMutableParagraphStyle+Extension.swift */,
				CCF36E322583D1610069311A /* NSShadow+Extension.swift */,
				CCF36E312583D1610069311A /* ShapeView.swift */,
				CCF36E3A2583D1610069311A /* Sound.swift */,
				CCF36E332583D1610069311A /* TextView.swift */,
				CCF36E302583D1610069311A /* Timeline.swift */,
				CCF36E352583D1610069311A /* UIImage+Extension.swift */,
				CCF36E3B2583D1610069311A /* UIView+Extension.swift */,
			);
			path = Animation;
			sourceTree = "<group>";
		};
		CCF36CE22583CDE60069311A /* Tree8 */ = {
			isa = PBXGroup;
			children = (
				CCF36D682583CF580069311A /* png19NewBez */,
				CCF36D552583CF230069311A /* png13NewTreva */,
				CCF36D422583CEF20069311A /* png12NewTreva */,
				CCF36D2F2583CEBC0069311A /* png10NewTreva */,
				CCF36D1C2583CE930069311A /* png9NewTreva */,
				CCF36D092583CE670069311A /* png4NewTreva */,
				CCF36CF62583CE370069311A /* png3NewTreva */,
				CCF36CE32583CDFF0069311A /* png1NewTreva */,
			);
			path = Tree8;
			sourceTree = "<group>";
		};
		CCF36CE32583CDFF0069311A /* png1NewTreva */ = {
			isa = PBXGroup;
			children = (
				CCF36CE62583CE250069311A /* PNG1_View.swift */,
				CCF36CE52583CE250069311A /* Png1.swift */,
				CCF36CE42583CE250069311A /* Timeline_PNG1.swift */,
			);
			path = png1NewTreva;
			sourceTree = "<group>";
		};
		CCF36CF62583CE370069311A /* png3NewTreva */ = {
			isa = PBXGroup;
			children = (
				CCF36CF82583CE530069311A /* PNG3_View.swift */,
				CCF36CF72583CE530069311A /* Png3.swift */,
				CCF36CF92583CE530069311A /* Timeline_PNG3.swift */,
			);
			path = png3NewTreva;
			sourceTree = "<group>";
		};
		CCF36D092583CE670069311A /* png4NewTreva */ = {
			isa = PBXGroup;
			children = (
				CCF36D0A2583CE830069311A /* PNG4_View.swift */,
				CCF36D0B2583CE830069311A /* Png4.swift */,
				CCF36D0C2583CE830069311A /* Timeline_PNG4.swift */,
			);
			path = png4NewTreva;
			sourceTree = "<group>";
		};
		CCF36D1C2583CE930069311A /* png9NewTreva */ = {
			isa = PBXGroup;
			children = (
				CCF36D1D2583CEAC0069311A /* PNG9_View.swift */,
				CCF36D1E2583CEAC0069311A /* Png9.swift */,
				CCF36D1F2583CEAC0069311A /* Timeline_PNG9.swift */,
			);
			path = png9NewTreva;
			sourceTree = "<group>";
		};
		CCF36D2F2583CEBC0069311A /* png10NewTreva */ = {
			isa = PBXGroup;
			children = (
				CCF36D312583CEDC0069311A /* PNG10_View.swift */,
				CCF36D322583CEDC0069311A /* Png10.swift */,
				CCF36D302583CEDC0069311A /* Timeline_PNG10.swift */,
			);
			path = png10NewTreva;
			sourceTree = "<group>";
		};
		CCF36D422583CEF20069311A /* png12NewTreva */ = {
			isa = PBXGroup;
			children = (
				CCF36D452583CF0B0069311A /* PNG12_View.swift */,
				CCF36D432583CF0B0069311A /* Png12.swift */,
				CCF36D442583CF0B0069311A /* Timeline_PNG12.swift */,
			);
			path = png12NewTreva;
			sourceTree = "<group>";
		};
		CCF36D552583CF230069311A /* png13NewTreva */ = {
			isa = PBXGroup;
			children = (
				CCF36D572583CF4A0069311A /* PNG13_View.swift */,
				CCF36D582583CF4A0069311A /* Png13.swift */,
				CCF36D562583CF4A0069311A /* Timeline_PNG13.swift */,
			);
			path = png13NewTreva;
			sourceTree = "<group>";
		};
		CCF36D682583CF580069311A /* png19NewBez */ = {
			isa = PBXGroup;
			children = (
				CCF36D692583CF730069311A /* PNG19_View.swift */,
				CCF36D6A2583CF730069311A /* Png19.swift */,
				CCF36D6B2583CF730069311A /* Timeline_PNG19.swift */,
			);
			path = png19NewBez;
			sourceTree = "<group>";
		};
		CCF36D7E2583CF910069311A /* Oblack6 */ = {
			isa = PBXGroup;
			children = (
				CCF36DCB2583D0790069311A /* OblackSin */,
				CCF36DB82583D0520069311A /* OblackSaren */,
				CCF36DA52583D0060069311A /* OblackKragal */,
				CCF36D922583CFD80069311A /* OblackCheren */,
				CCF36D7F2583CFA10069311A /* OblackBal */,
			);
			path = Oblack6;
			sourceTree = "<group>";
		};
		CCF36D7F2583CFA10069311A /* OblackBal */ = {
			isa = PBXGroup;
			children = (
				CCF36E702583D2F90069311A /* OblackBal_View.swift */,
				CCF36E6F2583D2F90069311A /* Timeline_OblackBal.swift */,
				CCF36D822583CFBA0069311A /* OblackBal.swift */,
			);
			path = OblackBal;
			sourceTree = "<group>";
		};
		CCF36D922583CFD80069311A /* OblackCheren */ = {
			isa = PBXGroup;
			children = (
				CCF36D932583CFF30069311A /* OblackCeren_View.swift */,
				CCF36D942583CFF30069311A /* OblackCheren.swift */,
				CCF36D952583CFF30069311A /* Timeline_OblackCeren.swift */,
			);
			path = OblackCheren;
			sourceTree = "<group>";
		};
		CCF36DA52583D0060069311A /* OblackKragal */ = {
			isa = PBXGroup;
			children = (
				CCF36DA62583D0240069311A /* OblackCragal_View.swift */,
				CCF36DA72583D0240069311A /* OblackKragal.swift */,
				CCF36DA82583D0240069311A /* Timeline_OblackCragal.swift */,
			);
			path = OblackKragal;
			sourceTree = "<group>";
		};
		CCF36DB82583D0520069311A /* OblackSaren */ = {
			isa = PBXGroup;
			children = (
				CCF36DBA2583D0680069311A /* OblackSaren_View.swift */,
				CCF36DBB2583D0680069311A /* OblackSaren.swift */,
				CCF36DB92583D0680069311A /* Timeline_Oblacksaren.swift */,
			);
			path = OblackSaren;
			sourceTree = "<group>";
		};
		CCF36DCB2583D0790069311A /* OblackSin */ = {
			isa = PBXGroup;
			children = (
				CCF36DCC2583D0940069311A /* OblackSin_View.swift */,
				CCF36DCE2583D0940069311A /* OblackSin.swift */,
				CCF36DCD2583D0940069311A /* Timeline_OblackSin.swift */,
			);
			path = OblackSin;
			sourceTree = "<group>";
		};
/* End PBXGroup section */

/* Begin PBXNativeTarget section */
		CCF36C3A2583CA170069311A /* CoreTree */ = {
			isa = PBXNativeTarget;
			buildConfigurationList = CCF36C602583CA190069311A /* Build configuration list for PBXNativeTarget "CoreTree" */;
			buildPhases = (
				CCF36C372583CA170069311A /* Sources */,
				CCF36C382583CA170069311A /* Frameworks */,
				CCF36C392583CA170069311A /* Resources */,
			);
			buildRules = (
			);
			dependencies = (
			);
			name = CoreTree;
			productName = CoreTree;
			productReference = CCF36C3B2583CA170069311A /* CoreTree.app */;
			productType = "com.apple.product-type.application";
		};
		CCF36C4B2583CA190069311A /* CoreTreeTests */ = {
			isa = PBXNativeTarget;
			buildConfigurationList = CCF36C632583CA190069311A /* Build configuration list for PBXNativeTarget "CoreTreeTests" */;
			buildPhases = (
				CCF36C482583CA190069311A /* Sources */,
				CCF36C492583CA190069311A /* Frameworks */,
				CCF36C4A2583CA190069311A /* Resources */,
			);
			buildRules = (
			);
			dependencies = (
				CCF36C4E2583CA190069311A /* PBXTargetDependency */,
			);
			name = CoreTreeTests;
			productName = CoreTreeTests;
			productReference = CCF36C4C2583CA190069311A /* CoreTreeTests.xctest */;
			productType = "com.apple.product-type.bundle.unit-test";
		};
		CCF36C562583CA190069311A /* CoreTreeUITests */ = {
			isa = PBXNativeTarget;
			buildConfigurationList = CCF36C662583CA190069311A /* Build configuration list for PBXNativeTarget "CoreTreeUITests" */;
			buildPhases = (
				CCF36C532583CA190069311A /* Sources */,
				CCF36C542583CA190069311A /* Frameworks */,
				CCF36C552583CA190069311A /* Resources */,
			);
			buildRules = (
			);
			dependencies = (
				CCF36C592583CA190069311A /* PBXTargetDependency */,
			);
			name = CoreTreeUITests;
			productName = CoreTreeUITests;
			productReference = CCF36C572583CA190069311A /* CoreTreeUITests.xctest */;
			productType = "com.apple.product-type.bundle.ui-testing";
		};
/* End PBXNativeTarget section */

/* Begin PBXProject section */
		CCF36C332583CA160069311A /* Project object */ = {
			isa = PBXProject;
			attributes = {
				LastSwiftUpdateCheck = 1220;
				LastUpgradeCheck = 1220;
				TargetAttributes = {
					CCF36C3A2583CA170069311A = {
						CreatedOnToolsVersion = 12.2;
					};
					CCF36C4B2583CA190069311A = {
						CreatedOnToolsVersion = 12.2;
						TestTargetID = CCF36C3A2583CA170069311A;
					};
					CCF36C562583CA190069311A = {
						CreatedOnToolsVersion = 12.2;
						TestTargetID = CCF36C3A2583CA170069311A;
					};
				};
			};
			buildConfigurationList = CCF36C362583CA160069311A /* Build configuration list for PBXProject "CoreTree" */;
			compatibilityVersion = "Xcode 9.3";
			developmentRegion = en;
			hasScannedForEncodings = 0;
			knownRegions = (
				en,
				Base,
			);
			mainGroup = CCF36C322583CA160069311A;
			productRefGroup = CCF36C3C2583CA170069311A /* Products */;
			projectDirPath = "";
			projectRoot = "";
			targets = (
				CCF36C3A2583CA170069311A /* CoreTree */,
				CCF36C4B2583CA190069311A /* CoreTreeTests */,
				CCF36C562583CA190069311A /* CoreTreeUITests */,
			);
		};
/* End PBXProject section */

/* Begin PBXResourcesBuildPhase section */
		CCF36C392583CA170069311A /* Resources */ = {
			isa = PBXResourcesBuildPhase;
			buildActionMask = 2147483647;
			files = (
				CCF36C462583CA190069311A /* Preview Assets.xcassets in Resources */,
				CCF36E8E2584D4CA0069311A /* MagicView.sks in Resources */,
				CCF36C432583CA190069311A /* Assets.xcassets in Resources */,
			);
			runOnlyForDeploymentPostprocessing = 0;
		};
		CCF36C4A2583CA190069311A /* Resources */ = {
			isa = PBXResourcesBuildPhase;
			buildActionMask = 2147483647;
			files = (
			);
			runOnlyForDeploymentPostprocessing = 0;
		};
		CCF36C552583CA190069311A /* Resources */ = {
			isa = PBXResourcesBuildPhase;
			buildActionMask = 2147483647;
			files = (
			);
			runOnlyForDeploymentPostprocessing = 0;
		};
/* End PBXResourcesBuildPhase section */

/* Begin PBXSourcesBuildPhase section */
		CCF36C372583CA170069311A /* Sources */ = {
			isa = PBXSourcesBuildPhase;
			buildActionMask = 2147483647;
			files = (
				CCF36E542583D1610069311A /* CAMediaTimingFunction+Extension.swift in Sources */,
				CCF36DBC2583D0680069311A /* Timeline_Oblacksaren.swift in Sources */,
				CCF36D0D2583CE830069311A /* PNG4_View.swift in Sources */,
				CCF36D002583CE530069311A /* Timeline_PNG3.swift in Sources */,
				CCF36DAF2583D0240069311A /* Timeline_OblackCragal.swift in Sources */,
				CCF36DC22583D0680069311A /* OblackSaren.swift in Sources */,
				CCF36D592583CF4A0069311A /* Timeline_PNG13.swift in Sources */,
				CCF36E5D2583D1610069311A /* Sound.swift in Sources */,
				CCF36CFA2583CE530069311A /* Png3.swift in Sources */,
				CCF36D202583CEAC0069311A /* PNG9_View.swift in Sources */,
				CCF36D6C2583CF730069311A /* PNG19_View.swift in Sources */,
				CCF36D9C2583CFF30069311A /* Timeline_OblackCeren.swift in Sources */,
				CCF36DAC2583D0240069311A /* OblackKragal.swift in Sources */,
				CCF36D6F2583CF730069311A /* Png19.swift in Sources */,
				CCF36D722583CF730069311A /* Timeline_PNG19.swift in Sources */,
				CCF36D392583CEDC0069311A /* Png10.swift in Sources */,
				CCF36C412583CA170069311A /* ContentView.swift in Sources */,
				CCF36E482583D1610069311A /* TextView.swift in Sources */,
				CCF36D4C2583CF0B0069311A /* PNG12_View.swift in Sources */,
				CCF36D892583CFBA0069311A /* OblackBal.swift in Sources */,
				CCF36D362583CEDC0069311A /* PNG10_View.swift in Sources */,
				CCF36DA92583D0240069311A /* OblackCragal_View.swift in Sources */,
				CCF36D962583CFF30069311A /* OblackCeren_View.swift in Sources */,
				CCF36CD92583CC390069311A /* ScreenFrame.swift in Sources */,
				CCF36DCF2583D0940069311A /* OblackSin_View.swift in Sources */,
				CCF36D462583CF0B0069311A /* Png12.swift in Sources */,
				CCF36C3F2583CA170069311A /* CoreTreeApp.swift in Sources */,
				CCF36E3C2583D1610069311A /* CAKeyframeAnimation+Extension.swift in Sources */,
				CCF36D492583CF0B0069311A /* Timeline_PNG12.swift in Sources */,
				CCF36E4B2583D1610069311A /* NSMutableParagraphStyle+Extension.swift in Sources */,
				CCF36D5F2583CF4A0069311A /* Png13.swift in Sources */,
				CCF36D102583CE830069311A /* Png4.swift in Sources */,
				CCF36E602583D1610069311A /* UIView+Extension.swift in Sources */,
				CCF36E742583D2F90069311A /* OblackBal_View.swift in Sources */,
				CCF36DBF2583D0680069311A /* OblackSaren_View.swift in Sources */,
				CCF36E5A2583D1610069311A /* CATransaction+Extension.swift in Sources */,
				CCF36E422583D1610069311A /* ShapeView.swift in Sources */,
				CCF36D232583CEAC0069311A /* Png9.swift in Sources */,
				CCF36D332583CEDC0069311A /* Timeline_PNG10.swift in Sources */,
				CCF36E3F2583D1610069311A /* Timeline.swift in Sources */,
				CCF36E4E2583D1610069311A /* UIImage+Extension.swift in Sources */,
				CCF36E572583D1610069311A /* Animation.swift in Sources */,
				CCF36D992583CFF30069311A /* OblackCheren.swift in Sources */,
				CCF36CE72583CE250069311A /* Timeline_PNG1.swift in Sources */,
				CCF36DD22583D0940069311A /* Timeline_OblackSin.swift in Sources */,
				CCF36E512583D1610069311A /* CGPath+SVG.swift in Sources */,
				CCF36CED2583CE250069311A /* PNG1_View.swift in Sources */,
				CCF36E712583D2F90069311A /* Timeline_OblackBal.swift in Sources */,
				CCF36D262583CEAC0069311A /* Timeline_PNG9.swift in Sources */,
				CCF36E452583D1610069311A /* NSShadow+Extension.swift in Sources */,
				CCF36DD52583D0940069311A /* OblackSin.swift in Sources */,
				CCF36D5C2583CF4A0069311A /* PNG13_View.swift in Sources */,
				CCF36D132583CE830069311A /* Timeline_PNG4.swift in Sources */,
				CCF36CFD2583CE530069311A /* PNG3_View.swift in Sources */,
				CCF36CEA2583CE250069311A /* Png1.swift in Sources */,
			);
			runOnlyForDeploymentPostprocessing = 0;
		};
		CCF36C482583CA190069311A /* Sources */ = {
			isa = PBXSourcesBuildPhase;
			buildActionMask = 2147483647;
			files = (
				CCF36DC02583D0680069311A /* OblackSaren_View.swift in Sources */,
				CCF36D3A2583CEDC0069311A /* Png10.swift in Sources */,
				CCF36D4D2583CF0B0069311A /* PNG12_View.swift in Sources */,
				CCF36D702583CF730069311A /* Png19.swift in Sources */,
				CCF36D602583CF4A0069311A /* Png13.swift in Sources */,
				CCF36D112583CE830069311A /* Png4.swift in Sources */,
				CCF36DD32583D0940069311A /* Timeline_OblackSin.swift in Sources */,
				CCF36CFB2583CE530069311A /* Png3.swift in Sources */,
				CCF36DBD2583D0680069311A /* Timeline_Oblacksaren.swift in Sources */,
				CCF36CDA2583CC390069311A /* ScreenFrame.swift in Sources */,
				CCF36D242583CEAC0069311A /* Png9.swift in Sources */,
				CCF36CFE2583CE530069311A /* PNG3_View.swift in Sources */,
				CCF36E612583D1610069311A /* UIView+Extension.swift in Sources */,
				CCF36D8A2583CFBA0069311A /* OblackBal.swift in Sources */,
				CCF36D5D2583CF4A0069311A /* PNG13_View.swift in Sources */,
				CCF36CEE2583CE250069311A /* PNG1_View.swift in Sources */,
				CCF36D972583CFF30069311A /* OblackCeren_View.swift in Sources */,
				CCF36E402583D1610069311A /* Timeline.swift in Sources */,
				CCF36DB02583D0240069311A /* Timeline_OblackCragal.swift in Sources */,
				CCF36E5B2583D1610069311A /* CATransaction+Extension.swift in Sources */,
				CCF36D372583CEDC0069311A /* PNG10_View.swift in Sources */,
				CCF36D4A2583CF0B0069311A /* Timeline_PNG12.swift in Sources */,
				CCF36DAD2583D0240069311A /* OblackKragal.swift in Sources */,
				CCF36E3D2583D1610069311A /* CAKeyframeAnimation+Extension.swift in Sources */,
				CCF36E5E2583D1610069311A /* Sound.swift in Sources */,
				CCF36D212583CEAC0069311A /* PNG9_View.swift in Sources */,
				CCF36E752583D2F90069311A /* OblackBal_View.swift in Sources */,
				CCF36D5A2583CF4A0069311A /* Timeline_PNG13.swift in Sources */,
				CCF36E4C2583D1610069311A /* NSMutableParagraphStyle+Extension.swift in Sources */,
				CCF36DAA2583D0240069311A /* OblackCragal_View.swift in Sources */,
				CCF36DC32583D0680069311A /* OblackSaren.swift in Sources */,
				CCF36E4F2583D1610069311A /* UIImage+Extension.swift in Sources */,
				CCF36E552583D1610069311A /* CAMediaTimingFunction+Extension.swift in Sources */,
				CCF36D012583CE530069311A /* Timeline_PNG3.swift in Sources */,
				CCF36DD02583D0940069311A /* OblackSin_View.swift in Sources */,
				CCF36D6D2583CF730069311A /* PNG19_View.swift in Sources */,
				CCF36CE82583CE250069311A /* Timeline_PNG1.swift in Sources */,
				CCF36D0E2583CE830069311A /* PNG4_View.swift in Sources */,
				CCF36D9A2583CFF30069311A /* OblackCheren.swift in Sources */,
				CCF36E582583D1610069311A /* Animation.swift in Sources */,
				CCF36CEB2583CE250069311A /* Png1.swift in Sources */,
				CCF36E722583D2F90069311A /* Timeline_OblackBal.swift in Sources */,
				CCF36D142583CE830069311A /* Timeline_PNG4.swift in Sources */,
				CCF36D9D2583CFF30069311A /* Timeline_OblackCeren.swift in Sources */,
				CCF36D472583CF0B0069311A /* Png12.swift in Sources */,
				CCF36E462583D1610069311A /* NSShadow+Extension.swift in Sources */,
				CCF36E432583D1610069311A /* ShapeView.swift in Sources */,
				CCF36D272583CEAC0069311A /* Timeline_PNG9.swift in Sources */,
				CCF36E522583D1610069311A /* CGPath+SVG.swift in Sources */,
				CCF36DD62583D0940069311A /* OblackSin.swift in Sources */,
				CCF36C512583CA190069311A /* CoreTreeTests.swift in Sources */,
				CCF36E492583D1610069311A /* TextView.swift in Sources */,
				CCF36D732583CF730069311A /* Timeline_PNG19.swift in Sources */,
				CCF36D342583CEDC0069311A /* Timeline_PNG10.swift in Sources */,
			);
			runOnlyForDeploymentPostprocessing = 0;
		};
		CCF36C532583CA190069311A /* Sources */ = {
			isa = PBXSourcesBuildPhase;
			buildActionMask = 2147483647;
			files = (
				CCF36DC12583D0680069311A /* OblackSaren_View.swift in Sources */,
				CCF36D3B2583CEDC0069311A /* Png10.swift in Sources */,
				CCF36D4E2583CF0B0069311A /* PNG12_View.swift in Sources */,
				CCF36D712583CF730069311A /* Png19.swift in Sources */,
				CCF36D612583CF4A0069311A /* Png13.swift in Sources */,
				CCF36D122583CE830069311A /* Png4.swift in Sources */,
				CCF36DD42583D0940069311A /* Timeline_OblackSin.swift in Sources */,
				CCF36CFC2583CE530069311A /* Png3.swift in Sources */,
				CCF36DBE2583D0680069311A /* Timeline_Oblacksaren.swift in Sources */,
				CCF36CDB2583CC390069311A /* ScreenFrame.swift in Sources */,
				CCF36D252583CEAC0069311A /* Png9.swift in Sources */,
				CCF36CFF2583CE530069311A /* PNG3_View.swift in Sources */,
				CCF36E622583D1610069311A /* UIView+Extension.swift in Sources */,
				CCF36D8B2583CFBA0069311A /* OblackBal.swift in Sources */,
				CCF36D5E2583CF4A0069311A /* PNG13_View.swift in Sources */,
				CCF36CEF2583CE250069311A /* PNG1_View.swift in Sources */,
				CCF36D982583CFF30069311A /* OblackCeren_View.swift in Sources */,
				CCF36E412583D1610069311A /* Timeline.swift in Sources */,
				CCF36DB12583D0240069311A /* Timeline_OblackCragal.swift in Sources */,
				CCF36E5C2583D1610069311A /* CATransaction+Extension.swift in Sources */,
				CCF36D382583CEDC0069311A /* PNG10_View.swift in Sources */,
				CCF36D4B2583CF0B0069311A /* Timeline_PNG12.swift in Sources */,
				CCF36DAE2583D0240069311A /* OblackKragal.swift in Sources */,
				CCF36E3E2583D1610069311A /* CAKeyframeAnimation+Extension.swift in Sources */,
				CCF36E5F2583D1610069311A /* Sound.swift in Sources */,
				CCF36D222583CEAC0069311A /* PNG9_View.swift in Sources */,
				CCF36E762583D2F90069311A /* OblackBal_View.swift in Sources */,
				CCF36D5B2583CF4A0069311A /* Timeline_PNG13.swift in Sources */,
				CCF36E4D2583D1610069311A /* NSMutableParagraphStyle+Extension.swift in Sources */,
				CCF36DAB2583D0240069311A /* OblackCragal_View.swift in Sources */,
				CCF36DC42583D0680069311A /* OblackSaren.swift in Sources */,
				CCF36E502583D1610069311A /* UIImage+Extension.swift in Sources */,
				CCF36E562583D1610069311A /* CAMediaTimingFunction+Extension.swift in Sources */,
				CCF36D022583CE530069311A /* Timeline_PNG3.swift in Sources */,
				CCF36DD12583D0940069311A /* OblackSin_View.swift in Sources */,
				CCF36D6E2583CF730069311A /* PNG19_View.swift in Sources */,
				CCF36CE92583CE250069311A /* Timeline_PNG1.swift in Sources */,
				CCF36D0F2583CE830069311A /* PNG4_View.swift in Sources */,
				CCF36D9B2583CFF30069311A /* OblackCheren.swift in Sources */,
				CCF36E592583D1610069311A /* Animation.swift in Sources */,
				CCF36CEC2583CE250069311A /* Png1.swift in Sources */,
				CCF36E732583D2F90069311A /* Timeline_OblackBal.swift in Sources */,
				CCF36D152583CE830069311A /* Timeline_PNG4.swift in Sources */,
				CCF36D9E2583CFF30069311A /* Timeline_OblackCeren.swift in Sources */,
				CCF36D482583CF0B0069311A /* Png12.swift in Sources */,
				CCF36E472583D1610069311A /* NSShadow+Extension.swift in Sources */,
				CCF36E442583D1610069311A /* ShapeView.swift in Sources */,
				CCF36D282583CEAC0069311A /* Timeline_PNG9.swift in Sources */,
				CCF36E532583D1610069311A /* CGPath+SVG.swift in Sources */,
				CCF36DD72583D0940069311A /* OblackSin.swift in Sources */,
				CCF36C5C2583CA190069311A /* CoreTreeUITests.swift in Sources */,
				CCF36E4A2583D1610069311A /* TextView.swift in Sources */,
				CCF36D742583CF730069311A /* Timeline_PNG19.swift in Sources */,
				CCF36D352583CEDC0069311A /* Timeline_PNG10.swift in Sources */,
			);
			runOnlyForDeploymentPostprocessing = 0;
		};
/* End PBXSourcesBuildPhase section */

/* Begin PBXTargetDependency section */
		CCF36C4E2583CA190069311A /* PBXTargetDependency */ = {
			isa = PBXTargetDependency;
			target = CCF36C3A2583CA170069311A /* CoreTree */;
			targetProxy = CCF36C4D2583CA190069311A /* PBXContainerItemProxy */;
		};
		CCF36C592583CA190069311A /* PBXTargetDependency */ = {
			isa = PBXTargetDependency;
			target = CCF36C3A2583CA170069311A /* CoreTree */;
			targetProxy = CCF36C582583CA190069311A /* PBXContainerItemProxy */;
		};
/* End PBXTargetDependency section */

/* Begin XCBuildConfiguration section */
		CCF36C5E2583CA190069311A /* Debug */ = {
			isa = XCBuildConfiguration;
			buildSettings = {
				ALWAYS_SEARCH_USER_PATHS = NO;
				CLANG_ANALYZER_NONNULL = YES;
				CLANG_ANALYZER_NUMBER_OBJECT_CONVERSION = YES_AGGRESSIVE;
				CLANG_CXX_LANGUAGE_STANDARD = "gnu++14";
				CLANG_CXX_LIBRARY = "libc++";
				CLANG_ENABLE_MODULES = YES;
				CLANG_ENABLE_OBJC_ARC = YES;
				CLANG_ENABLE_OBJC_WEAK = YES;
				CLANG_WARN_BLOCK_CAPTURE_AUTORELEASING = YES;
				CLANG_WARN_BOOL_CONVERSION = YES;
				CLANG_WARN_COMMA = YES;
				CLANG_WARN_CONSTANT_CONVERSION = YES;
				CLANG_WARN_DEPRECATED_OBJC_IMPLEMENTATIONS = YES;
				CLANG_WARN_DIRECT_OBJC_ISA_USAGE = YES_ERROR;
				CLANG_WARN_DOCUMENTATION_COMMENTS = YES;
				CLANG_WARN_EMPTY_BODY = YES;
				CLANG_WARN_ENUM_CONVERSION = YES;
				CLANG_WARN_INFINITE_RECURSION = YES;
				CLANG_WARN_INT_CONVERSION = YES;
				CLANG_WARN_NON_LITERAL_NULL_CONVERSION = YES;
				CLANG_WARN_OBJC_IMPLICIT_RETAIN_SELF = YES;
				CLANG_WARN_OBJC_LITERAL_CONVERSION = YES;
				CLANG_WARN_OBJC_ROOT_CLASS = YES_ERROR;
				CLANG_WARN_QUOTED_INCLUDE_IN_FRAMEWORK_HEADER = YES;
				CLANG_WARN_RANGE_LOOP_ANALYSIS = YES;
				CLANG_WARN_STRICT_PROTOTYPES = YES;
				CLANG_WARN_SUSPICIOUS_MOVE = YES;
				CLANG_WARN_UNGUARDED_AVAILABILITY = YES_AGGRESSIVE;
				CLANG_WARN_UNREACHABLE_CODE = YES;
				CLANG_WARN__DUPLICATE_METHOD_MATCH = YES;
				COPY_PHASE_STRIP = NO;
				DEBUG_INFORMATION_FORMAT = dwarf;
				ENABLE_STRICT_OBJC_MSGSEND = YES;
				ENABLE_TESTABILITY = YES;
				GCC_C_LANGUAGE_STANDARD = gnu11;
				GCC_DYNAMIC_NO_PIC = NO;
				GCC_NO_COMMON_BLOCKS = YES;
				GCC_OPTIMIZATION_LEVEL = 0;
				GCC_PREPROCESSOR_DEFINITIONS = (
					"DEBUG=1",
					"$(inherited)",
				);
				GCC_WARN_64_TO_32_BIT_CONVERSION = YES;
				GCC_WARN_ABOUT_RETURN_TYPE = YES_ERROR;
				GCC_WARN_UNDECLARED_SELECTOR = YES;
				GCC_WARN_UNINITIALIZED_AUTOS = YES_AGGRESSIVE;
				GCC_WARN_UNUSED_FUNCTION = YES;
				GCC_WARN_UNUSED_VARIABLE = YES;
				IPHONEOS_DEPLOYMENT_TARGET = 14.2;
				MTL_ENABLE_DEBUG_INFO = INCLUDE_SOURCE;
				MTL_FAST_MATH = YES;
				ONLY_ACTIVE_ARCH = YES;
				SDKROOT = iphoneos;
				SWIFT_ACTIVE_COMPILATION_CONDITIONS = DEBUG;
				SWIFT_OPTIMIZATION_LEVEL = "-Onone";
			};
			name = Debug;
		};
		CCF36C5F2583CA190069311A /* Release */ = {
			isa = XCBuildConfiguration;
			buildSettings = {
				ALWAYS_SEARCH_USER_PATHS = NO;
				CLANG_ANALYZER_NONNULL = YES;
				CLANG_ANALYZER_NUMBER_OBJECT_CONVERSION = YES_AGGRESSIVE;
				CLANG_CXX_LANGUAGE_STANDARD = "gnu++14";
				CLANG_CXX_LIBRARY = "libc++";
				CLANG_ENABLE_MODULES = YES;
				CLANG_ENABLE_OBJC_ARC = YES;
				CLANG_ENABLE_OBJC_WEAK = YES;
				CLANG_WARN_BLOCK_CAPTURE_AUTORELEASING = YES;
				CLANG_WARN_BOOL_CONVERSION = YES;
				CLANG_WARN_COMMA = YES;
				CLANG_WARN_CONSTANT_CONVERSION = YES;
				CLANG_WARN_DEPRECATED_OBJC_IMPLEMENTATIONS = YES;
				CLANG_WARN_DIRECT_OBJC_ISA_USAGE = YES_ERROR;
				CLANG_WARN_DOCUMENTATION_COMMENTS = YES;
				CLANG_WARN_EMPTY_BODY = YES;
				CLANG_WARN_ENUM_CONVERSION = YES;
				CLANG_WARN_INFINITE_RECURSION = YES;
				CLANG_WARN_INT_CONVERSION = YES;
				CLANG_WARN_NON_LITERAL_NULL_CONVERSION = YES;
				CLANG_WARN_OBJC_IMPLICIT_RETAIN_SELF = YES;
				CLANG_WARN_OBJC_LITERAL_CONVERSION = YES;
				CLANG_WARN_OBJC_ROOT_CLASS = YES_ERROR;
				CLANG_WARN_QUOTED_INCLUDE_IN_FRAMEWORK_HEADER = YES;
				CLANG_WARN_RANGE_LOOP_ANALYSIS = YES;
				CLANG_WARN_STRICT_PROTOTYPES = YES;
				CLANG_WARN_SUSPICIOUS_MOVE = YES;
				CLANG_WARN_UNGUARDED_AVAILABILITY = YES_AGGRESSIVE;
				CLANG_WARN_UNREACHABLE_CODE = YES;
				CLANG_WARN__DUPLICATE_METHOD_MATCH = YES;
				COPY_PHASE_STRIP = NO;
				DEBUG_INFORMATION_FORMAT = "dwarf-with-dsym";
				ENABLE_NS_ASSERTIONS = NO;
				ENABLE_STRICT_OBJC_MSGSEND = YES;
				GCC_C_LANGUAGE_STANDARD = gnu11;
				GCC_NO_COMMON_BLOCKS = YES;
				GCC_WARN_64_TO_32_BIT_CONVERSION = YES;
				GCC_WARN_ABOUT_RETURN_TYPE = YES_ERROR;
				GCC_WARN_UNDECLARED_SELECTOR = YES;
				GCC_WARN_UNINITIALIZED_AUTOS = YES_AGGRESSIVE;
				GCC_WARN_UNUSED_FUNCTION = YES;
				GCC_WARN_UNUSED_VARIABLE = YES;
				IPHONEOS_DEPLOYMENT_TARGET = 14.2;
				MTL_ENABLE_DEBUG_INFO = NO;
				MTL_FAST_MATH = YES;
				SDKROOT = iphoneos;
				SWIFT_COMPILATION_MODE = wholemodule;
				SWIFT_OPTIMIZATION_LEVEL = "-O";
				VALIDATE_PRODUCT = YES;
			};
			name = Release;
		};
		CCF36C612583CA190069311A /* Debug */ = {
			isa = XCBuildConfiguration;
			buildSettings = {
				ASSETCATALOG_COMPILER_APPICON_NAME = AppIcon;
				ASSETCATALOG_COMPILER_GLOBAL_ACCENT_COLOR_NAME = AccentColor;
				CODE_SIGN_STYLE = Automatic;
				DEVELOPMENT_ASSET_PATHS = "\"CoreTree/Preview Content\"";
				DEVELOPMENT_TEAM = 2FYTR3E5Q9;
				ENABLE_PREVIEWS = YES;
				INFOPLIST_FILE = CoreTree/Info.plist;
				IPHONEOS_DEPLOYMENT_TARGET = 14.0;
				LD_RUNPATH_SEARCH_PATHS = (
					"$(inherited)",
					"@executable_path/Frameworks",
				);
				PRODUCT_BUNDLE_IDENTIFIER = com.ivandosev.CoreTree;
				PRODUCT_NAME = "$(TARGET_NAME)";
				SWIFT_VERSION = 5.0;
				TARGETED_DEVICE_FAMILY = "1,2";
			};
			name = Debug;
		};
		CCF36C622583CA190069311A /* Release */ = {
			isa = XCBuildConfiguration;
			buildSettings = {
				ASSETCATALOG_COMPILER_APPICON_NAME = AppIcon;
				ASSETCATALOG_COMPILER_GLOBAL_ACCENT_COLOR_NAME = AccentColor;
				CODE_SIGN_STYLE = Automatic;
				DEVELOPMENT_ASSET_PATHS = "\"CoreTree/Preview Content\"";
				DEVELOPMENT_TEAM = 2FYTR3E5Q9;
				ENABLE_PREVIEWS = YES;
				INFOPLIST_FILE = CoreTree/Info.plist;
				IPHONEOS_DEPLOYMENT_TARGET = 14.0;
				LD_RUNPATH_SEARCH_PATHS = (
					"$(inherited)",
					"@executable_path/Frameworks",
				);
				PRODUCT_BUNDLE_IDENTIFIER = com.ivandosev.CoreTree;
				PRODUCT_NAME = "$(TARGET_NAME)";
				SWIFT_VERSION = 5.0;
				TARGETED_DEVICE_FAMILY = "1,2";
			};
			name = Release;
		};
		CCF36C642583CA190069311A /* Debug */ = {
			isa = XCBuildConfiguration;
			buildSettings = {
				ALWAYS_EMBED_SWIFT_STANDARD_LIBRARIES = YES;
				BUNDLE_LOADER = "$(TEST_HOST)";
				CODE_SIGN_STYLE = Automatic;
				DEVELOPMENT_TEAM = 2FYTR3E5Q9;
				INFOPLIST_FILE = CoreTreeTests/Info.plist;
				IPHONEOS_DEPLOYMENT_TARGET = 14.0;
				LD_RUNPATH_SEARCH_PATHS = (
					"$(inherited)",
					"@executable_path/Frameworks",
					"@loader_path/Frameworks",
				);
				PRODUCT_BUNDLE_IDENTIFIER = com.ivandosev.CoreTreeTests;
				PRODUCT_NAME = "$(TARGET_NAME)";
				SWIFT_VERSION = 5.0;
				TARGETED_DEVICE_FAMILY = "1,2";
				TEST_HOST = "$(BUILT_PRODUCTS_DIR)/CoreTree.app/CoreTree";
			};
			name = Debug;
		};
		CCF36C652583CA190069311A /* Release */ = {
			isa = XCBuildConfiguration;
			buildSettings = {
				ALWAYS_EMBED_SWIFT_STANDARD_LIBRARIES = YES;
				BUNDLE_LOADER = "$(TEST_HOST)";
				CODE_SIGN_STYLE = Automatic;
				DEVELOPMENT_TEAM = 2FYTR3E5Q9;
				INFOPLIST_FILE = CoreTreeTests/Info.plist;
				IPHONEOS_DEPLOYMENT_TARGET = 14.0;
				LD_RUNPATH_SEARCH_PATHS = (
					"$(inherited)",
					"@executable_path/Frameworks",
					"@loader_path/Frameworks",
				);
				PRODUCT_BUNDLE_IDENTIFIER = com.ivandosev.CoreTreeTests;
				PRODUCT_NAME = "$(TARGET_NAME)";
				SWIFT_VERSION = 5.0;
				TARGETED_DEVICE_FAMILY = "1,2";
				TEST_HOST = "$(BUILT_PRODUCTS_DIR)/CoreTree.app/CoreTree";
			};
			name = Release;
		};
		CCF36C672583CA190069311A /* Debug */ = {
			isa = XCBuildConfiguration;
			buildSettings = {
				ALWAYS_EMBED_SWIFT_STANDARD_LIBRARIES = YES;
				CODE_SIGN_STYLE = Automatic;
				DEVELOPMENT_TEAM = 2FYTR3E5Q9;
				INFOPLIST_FILE = CoreTreeUITests/Info.plist;
				LD_RUNPATH_SEARCH_PATHS = (
					"$(inherited)",
					"@executable_path/Frameworks",
					"@loader_path/Frameworks",
				);
				PRODUCT_BUNDLE_IDENTIFIER = com.ivandosev.CoreTreeUITests;
				PRODUCT_NAME = "$(TARGET_NAME)";
				SWIFT_VERSION = 5.0;
				TARGETED_DEVICE_FAMILY = "1,2";
				TEST_TARGET_NAME = CoreTree;
			};
			name = Debug;
		};
		CCF36C682583CA190069311A /* Release */ = {
			isa = XCBuildConfiguration;
			buildSettings = {
				ALWAYS_EMBED_SWIFT_STANDARD_LIBRARIES = YES;
				CODE_SIGN_STYLE = Automatic;
				DEVELOPMENT_TEAM = 2FYTR3E5Q9;
				INFOPLIST_FILE = CoreTreeUITests/Info.plist;
				LD_RUNPATH_SEARCH_PATHS = (
					"$(inherited)",
					"@executable_path/Frameworks",
					"@loader_path/Frameworks",
				);
				PRODUCT_BUNDLE_IDENTIFIER = com.ivandosev.CoreTreeUITests;
				PRODUCT_NAME = "$(TARGET_NAME)";
				SWIFT_VERSION = 5.0;
				TARGETED_DEVICE_FAMILY = "1,2";
				TEST_TARGET_NAME = CoreTree;
			};
			name = Release;
		};
/* End XCBuildConfiguration section */

/* Begin XCConfigurationList section */
		CCF36C362583CA160069311A /* Build configuration list for PBXProject "CoreTree" */ = {
			isa = XCConfigurationList;
			buildConfigurations = (
				CCF36C5E2583CA190069311A /* Debug */,
				CCF36C5F2583CA190069311A /* Release */,
			);
			defaultConfigurationIsVisible = 0;
			defaultConfigurationName = Release;
		};
		CCF36C602583CA190069311A /* Build configuration list for PBXNativeTarget "CoreTree" */ = {
			isa = XCConfigurationList;
			buildConfigurations = (
				CCF36C612583CA190069311A /* Debug */,
				CCF36C622583CA190069311A /* Release */,
			);
			defaultConfigurationIsVisible = 0;
			defaultConfigurationName = Release;
		};
		CCF36C632583CA190069311A /* Build configuration list for PBXNativeTarget "CoreTreeTests" */ = {
			isa = XCConfigurationList;
			buildConfigurations = (
				CCF36C642583CA190069311A /* Debug */,
				CCF36C652583CA190069311A /* Release */,
			);
			defaultConfigurationIsVisible = 0;
			defaultConfigurationName = Release;
		};
		CCF36C662583CA190069311A /* Build configuration list for PBXNativeTarget "CoreTreeUITests" */ = {
			isa = XCConfigurationList;
			buildConfigurations = (
				CCF36C672583CA190069311A /* Debug */,
				CCF36C682583CA190069311A /* Release */,
			);
			defaultConfigurationIsVisible = 0;
			defaultConfigurationName = Release;
		};
/* End XCConfigurationList section */
	};
	rootObject = CCF36C332583CA160069311A /* Project object */;
}
